// !$*UTF8*$!
{
	archiveVersion = 1;
	classes = {
	};
	objectVersion = 46;
	objects = {

/* Begin PBXBuildFile section */
		D90CE5E61AE3DD5B009F05EB /* Cocoa.framework in Frameworks */ = {isa = PBXBuildFile; fileRef = D90CE5E51AE3DD5B009F05EB /* Cocoa.framework */; };
		D90CE5F01AE3DD5C009F05EB /* InfoPlist.strings in Resources */ = {isa = PBXBuildFile; fileRef = D90CE5EE1AE3DD5C009F05EB /* InfoPlist.strings */; };
		D90CE5F61AE3DD5C009F05EB /* Credits.rtf in Resources */ = {isa = PBXBuildFile; fileRef = D90CE5F41AE3DD5C009F05EB /* Credits.rtf */; };
		D90CE5FE1AE3DD5C009F05EB /* Images.xcassets in Resources */ = {isa = PBXBuildFile; fileRef = D90CE5FD1AE3DD5C009F05EB /* Images.xcassets */; };
		D90CE61B1AE3DEE5009F05EB /* main.cpp in Sources */ = {isa = PBXBuildFile; fileRef = D90CE61A1AE3DEE5009F05EB /* main.cpp */; };
		D90CE61D1AE3DF81009F05EB /* SDL2.framework in Frameworks */ = {isa = PBXBuildFile; fileRef = D90CE61C1AE3DF81009F05EB /* SDL2.framework */; };
		D90CE61F1AE3DFEF009F05EB /* SDL2.framework in CopyFiles */ = {isa = PBXBuildFile; fileRef = D90CE61C1AE3DF81009F05EB /* SDL2.framework */; };
		D90D62AE1B04BA3C0076B311 /* Chunk.cpp in Sources */ = {isa = PBXBuildFile; fileRef = D90D62AC1B04BA3C0076B311 /* Chunk.cpp */; };
		D90D62B21B04BA9F0076B311 /* LocalGame.cpp in Sources */ = {isa = PBXBuildFile; fileRef = D90D62B01B04BA9F0076B311 /* LocalGame.cpp */; };
		D90D62B51B04E08B0076B311 /* World.cpp in Sources */ = {isa = PBXBuildFile; fileRef = D90D62B31B04E08B0076B311 /* World.cpp */; };
		D9150E301B6A786000415F99 /* ButtonBehavior.cpp in Sources */ = {isa = PBXBuildFile; fileRef = D9150E2E1B6A786000415F99 /* ButtonBehavior.cpp */; };
		D9150E331B6B986600415F99 /* forward_FXAA.fsh in CopyFiles */ = {isa = PBXBuildFile; fileRef = D9150E311B6B985B00415F99 /* forward_FXAA.fsh */; };
		D9150E341B6B986600415F99 /* forward_FXAA.vsh in CopyFiles */ = {isa = PBXBuildFile; fileRef = D9150E321B6B985B00415F99 /* forward_FXAA.vsh */; };
		D9150E371B6BA14100415F99 /* PostProcess.cpp in Sources */ = {isa = PBXBuildFile; fileRef = D9150E351B6BA14100415F99 /* PostProcess.cpp */; };
		D9150E3A1B6BA96300415F99 /* forward_fs_tex_uColor.fsh in CopyFiles */ = {isa = PBXBuildFile; fileRef = D9150E381B6BA95B00415F99 /* forward_fs_tex_uColor.fsh */; };
		D9150E3D1B6BAAB400415F99 /* deferred_tex.fsh in CopyFiles */ = {isa = PBXBuildFile; fileRef = D9150E3C1B6BAAAE00415F99 /* deferred_tex.fsh */; };
		D9150E421B6BB26100415F99 /* Light3D.cpp in Sources */ = {isa = PBXBuildFile; fileRef = D9150E3E1B6BB26100415F99 /* Light3D.cpp */; };
		D9150E431B6BB26100415F99 /* LightSystem3D.cpp in Sources */ = {isa = PBXBuildFile; fileRef = D9150E401B6BB26100415F99 /* LightSystem3D.cpp */; };
		D9150E461B6BB5C800415F99 /* forward_light_pass.fsh in CopyFiles */ = {isa = PBXBuildFile; fileRef = D9150E441B6BB5C200415F99 /* forward_light_pass.fsh */; };
		D9150E471B6BB5C800415F99 /* forward_light_pass.vsh in CopyFiles */ = {isa = PBXBuildFile; fileRef = D9150E451B6BB5C200415F99 /* forward_light_pass.vsh */; };
		D9150E4E1B6BD05B00415F99 /* forward_fs_tex.vsh in CopyFiles */ = {isa = PBXBuildFile; fileRef = D9150E481B6BCC9F00415F99 /* forward_fs_tex.vsh */; };
		D9150E4F1B6BD06700415F99 /* forward_depth_debug.fsh in CopyFiles */ = {isa = PBXBuildFile; fileRef = D9150E491B6BCD0800415F99 /* forward_depth_debug.fsh */; };
		D9150E521B6C0CC400415F99 /* forward_fs_uColor.fsh in CopyFiles */ = {isa = PBXBuildFile; fileRef = D9150E501B6C0CB800415F99 /* forward_fs_uColor.fsh */; };
		D9150E531B6C0CC400415F99 /* forward_fs.vsh in CopyFiles */ = {isa = PBXBuildFile; fileRef = D9150E511B6C0CB800415F99 /* forward_fs.vsh */; };
		D9150E581B6C3DE700415F99 /* GUIButtonLabeled.cpp in Sources */ = {isa = PBXBuildFile; fileRef = D9150E561B6C3DE700415F99 /* GUIButtonLabeled.cpp */; };
		D9150E5B1B6CECCC00415F99 /* BlockSet.cpp in Sources */ = {isa = PBXBuildFile; fileRef = D9150E591B6CECCC00415F99 /* BlockSet.cpp */; };
		D9150E5E1B6D3A5F00415F99 /* ChunkManager.cpp in Sources */ = {isa = PBXBuildFile; fileRef = D9150E5C1B6D3A5F00415F99 /* ChunkManager.cpp */; };
		D919A8751B653143008EE9DE /* TextLabel.cpp in Sources */ = {isa = PBXBuildFile; fileRef = D919A8731B653143008EE9DE /* TextLabel.cpp */; };
		D92C60F81AE3E69D00FE2C33 /* libGLEW.a in Frameworks */ = {isa = PBXBuildFile; fileRef = D92C60F71AE3E69D00FE2C33 /* libGLEW.a */; };
		D92C60FD1AE420D700FE2C33 /* OpenGL.framework in Frameworks */ = {isa = PBXBuildFile; fileRef = D92C60FC1AE420D700FE2C33 /* OpenGL.framework */; };
		D9387B9F1B27633100713841 /* deferred_mesh.fsh in Resources */ = {isa = PBXBuildFile; fileRef = D9387B9D1B27633100713841 /* deferred_mesh.fsh */; };
		D9387BA01B27633100713841 /* deferred_mesh.vsh in Resources */ = {isa = PBXBuildFile; fileRef = D9387B9E1B27633100713841 /* deferred_mesh.vsh */; };
		D9387BA11B27635400713841 /* deferred_mesh.fsh in CopyFiles */ = {isa = PBXBuildFile; fileRef = D9387B9D1B27633100713841 /* deferred_mesh.fsh */; };
		D9387BA21B27635400713841 /* deferred_mesh.vsh in CopyFiles */ = {isa = PBXBuildFile; fileRef = D9387B9E1B27633100713841 /* deferred_mesh.vsh */; };
		D9387BA51B2763A500713841 /* Mesh.cpp in Sources */ = {isa = PBXBuildFile; fileRef = D9387BA31B2763A500713841 /* Mesh.cpp */; };
		D93B339E1B028D13004AE04D /* GUIManager.cpp in Sources */ = {isa = PBXBuildFile; fileRef = D93B339C1B028D13004AE04D /* GUIManager.cpp */; };
		D949F31F1AE5B2BF00318804 /* Input.cpp in Sources */ = {isa = PBXBuildFile; fileRef = D949F31D1AE5B2BF00318804 /* Input.cpp */; };
		D949F3241AE5B2E100318804 /* Renderer.cpp in Sources */ = {isa = PBXBuildFile; fileRef = D949F3221AE5B2E100318804 /* Renderer.cpp */; };
		D94BE2851AE464B20004EC98 /* HyperVisor.cpp in Sources */ = {isa = PBXBuildFile; fileRef = D94BE2811AE464B20004EC98 /* HyperVisor.cpp */; };
		D94C676C1B791D7700E0039A /* TextInputBehavior.cpp in Sources */ = {isa = PBXBuildFile; fileRef = D94C676A1B791D7700E0039A /* TextInputBehavior.cpp */; };
		D96C02A91AE84BB800001936 /* CommandProcessor.cpp in Sources */ = {isa = PBXBuildFile; fileRef = D96C02A31AE84BB800001936 /* CommandProcessor.cpp */; };
		D96C02AA1AE84BB800001936 /* Console.cpp in Sources */ = {isa = PBXBuildFile; fileRef = D96C02A61AE84BB800001936 /* Console.cpp */; };
		D96C02BA1AE850EB00001936 /* Scene.cpp in Sources */ = {isa = PBXBuildFile; fileRef = D96C02AD1AE850EB00001936 /* Scene.cpp */; };
		D96C02BB1AE850EB00001936 /* SceneManager.cpp in Sources */ = {isa = PBXBuildFile; fileRef = D96C02AF1AE850EB00001936 /* SceneManager.cpp */; };
		D96C02BC1AE850EB00001936 /* FileUtil.cpp in Sources */ = {isa = PBXBuildFile; fileRef = D96C02B21AE850EB00001936 /* FileUtil.cpp */; };
		D96C02BD1AE850EB00001936 /* Random.cpp in Sources */ = {isa = PBXBuildFile; fileRef = D96C02B41AE850EB00001936 /* Random.cpp */; };
		D96C02BE1AE850EB00001936 /* StringUtil.cpp in Sources */ = {isa = PBXBuildFile; fileRef = D96C02B61AE850EB00001936 /* StringUtil.cpp */; };
		D96C02BF1AE850EB00001936 /* Timer.cpp in Sources */ = {isa = PBXBuildFile; fileRef = D96C02B81AE850EB00001936 /* Timer.cpp */; };
		D96C02CF1AEAE49900001936 /* Shader.cpp in Sources */ = {isa = PBXBuildFile; fileRef = D96C02C61AEAE49900001936 /* Shader.cpp */; };
		D96C02D01AEAE49900001936 /* ShaderFactory.cpp in Sources */ = {isa = PBXBuildFile; fileRef = D96C02C91AEAE49900001936 /* ShaderFactory.cpp */; };
		D96C02F21AEB01DD00001936 /* libfreetype.a in Frameworks */ = {isa = PBXBuildFile; fileRef = D96C02EF1AEB01DD00001936 /* libfreetype.a */; };
		D96C02F31AEB01DD00001936 /* libpng16.a in Frameworks */ = {isa = PBXBuildFile; fileRef = D96C02F01AEB01DD00001936 /* libpng16.a */; };
		D96C02F41AEB01DD00001936 /* libz.a in Frameworks */ = {isa = PBXBuildFile; fileRef = D96C02F11AEB01DD00001936 /* libz.a */; };
		D96DB9491B68AFAD008E1DF5 /* GUIButton.cpp in Sources */ = {isa = PBXBuildFile; fileRef = D96DB9471B68AFAD008E1DF5 /* GUIButton.cpp */; };
		D96DB9501B68C1CE008E1DF5 /* SkyDome.cpp in Sources */ = {isa = PBXBuildFile; fileRef = D96DB94E1B68C1CE008E1DF5 /* SkyDome.cpp */; };
		D96DB9561B68C7A2008E1DF5 /* deferred_sky_dome.fsh in CopyFiles */ = {isa = PBXBuildFile; fileRef = D96DB9541B68C79B008E1DF5 /* deferred_sky_dome.fsh */; };
		D96DB9571B68C7A2008E1DF5 /* deferred_sky_dome.vsh in CopyFiles */ = {isa = PBXBuildFile; fileRef = D96DB9551B68C79B008E1DF5 /* deferred_sky_dome.vsh */; };
		D96E8BA51B07EC7E00973D87 /* Camera.cpp in Sources */ = {isa = PBXBuildFile; fileRef = D96E8BA31B07EC7E00973D87 /* Camera.cpp */; };
		D96E8BAA1B07FE6C00973D87 /* MatrixUtil.cpp in Sources */ = {isa = PBXBuildFile; fileRef = D96E8BA81B07FE6C00973D87 /* MatrixUtil.cpp */; };
		D96E8BAD1B08011A00973D87 /* GBuffer.cpp in Sources */ = {isa = PBXBuildFile; fileRef = D96E8BAB1B08011A00973D87 /* GBuffer.cpp */; };
		D96FEC3E1B91B4940014D518 /* DynamicCubes.cpp in Sources */ = {isa = PBXBuildFile; fileRef = D96FEC3C1B91B4940014D518 /* DynamicCubes.cpp */; };
		D972473E1B7BB3BD009A40D1 /* btFractureBody.cpp in Sources */ = {isa = PBXBuildFile; fileRef = D97247321B7BB3BD009A40D1 /* btFractureBody.cpp */; };
		D972473F1B7BB3BD009A40D1 /* btFractureDynamicsWorld.cpp in Sources */ = {isa = PBXBuildFile; fileRef = D97247341B7BB3BD009A40D1 /* btFractureDynamicsWorld.cpp */; };
		D97247401B7BB3BD009A40D1 /* CollisionDispatcher.cpp in Sources */ = {isa = PBXBuildFile; fileRef = D97247361B7BB3BD009A40D1 /* CollisionDispatcher.cpp */; };
		D97247421B7BB3BD009A40D1 /* Physics.cpp in Sources */ = {isa = PBXBuildFile; fileRef = D972473A1B7BB3BD009A40D1 /* Physics.cpp */; };
		D97247431B7BB3BD009A40D1 /* PhysicsDebugDraw.cpp in Sources */ = {isa = PBXBuildFile; fileRef = D972473C1B7BB3BD009A40D1 /* PhysicsDebugDraw.cpp */; };
		D9BC15111AE46089009B7ADE /* Locator.cpp in Sources */ = {isa = PBXBuildFile; fileRef = D9BC15081AE46089009B7ADE /* Locator.cpp */; };
		D9C16FDA1AFF568200F66B19 /* GUIWidget.cpp in Sources */ = {isa = PBXBuildFile; fileRef = D9C16FD81AFF568200F66B19 /* GUIWidget.cpp */; };
		D9C16FE01AFF5DC900F66B19 /* Sprite.cpp in Sources */ = {isa = PBXBuildFile; fileRef = D9C16FDC1AFF5DC900F66B19 /* Sprite.cpp */; };
		D9C16FE11AFF5DC900F66B19 /* SpriteBatch.cpp in Sources */ = {isa = PBXBuildFile; fileRef = D9C16FDE1AFF5DC900F66B19 /* SpriteBatch.cpp */; };
		D9C16FE61AFF68CE00F66B19 /* Texture.cpp in Sources */ = {isa = PBXBuildFile; fileRef = D9C16FE21AFF68CE00F66B19 /* Texture.cpp */; };
		D9C16FE71AFF68CE00F66B19 /* TextureManager.cpp in Sources */ = {isa = PBXBuildFile; fileRef = D9C16FE41AFF68CE00F66B19 /* TextureManager.cpp */; };
		D9C16FEA1AFF6E7100F66B19 /* Rect2D.cpp in Sources */ = {isa = PBXBuildFile; fileRef = D9C16FE81AFF6E7100F66B19 /* Rect2D.cpp */; };
		D9C16FEF1AFF6F4700F66B19 /* Dictionary.cpp in Sources */ = {isa = PBXBuildFile; fileRef = D9C16FEC1AFF6F4700F66B19 /* Dictionary.cpp */; };
		D9C16FF61AFFF23000F66B19 /* forward_color.fsh in CopyFiles */ = {isa = PBXBuildFile; fileRef = D9C16FF21AFFF22900F66B19 /* forward_color.fsh */; };
		D9C16FF71AFFF23000F66B19 /* forward_tex_color.fsh in CopyFiles */ = {isa = PBXBuildFile; fileRef = D9C16FF31AFFF22900F66B19 /* forward_tex_color.fsh */; };
		D9C16FF81AFFF23000F66B19 /* forward_vColor.vsh in CopyFiles */ = {isa = PBXBuildFile; fileRef = D9C16FF41AFFF22900F66B19 /* forward_vColor.vsh */; };
		D9C16FF91AFFF23000F66B19 /* forward_vTex_uColor.vsh in CopyFiles */ = {isa = PBXBuildFile; fileRef = D9C16FF51AFFF22900F66B19 /* forward_vTex_uColor.vsh */; };
		D9C259251B808DDC00A221C6 /* libpugixml.a in Frameworks */ = {isa = PBXBuildFile; fileRef = D9C259241B808DDC00A221C6 /* libpugixml.a */; };
		D9C756301B8897A90048E4AC /* MainMenu.cpp in Sources */ = {isa = PBXBuildFile; fileRef = D9C7562E1B8897A90048E4AC /* MainMenu.cpp */; };
		D9C756341B8897B10048E4AC /* Planetoid.cpp in Sources */ = {isa = PBXBuildFile; fileRef = D9C756321B8897B10048E4AC /* Planetoid.cpp */; };
		D9C756381B8897DB0048E4AC /* Editor.cpp in Sources */ = {isa = PBXBuildFile; fileRef = D9C756361B8897DB0048E4AC /* Editor.cpp */; };
		D9CBADEF1AF976EF0017917C /* Bentham.ttf in CopyFiles */ = {isa = PBXBuildFile; fileRef = D96C02DD1AEB01B700001936 /* Bentham.ttf */; };
		D9CBADF01AF976EF0017917C /* ClearSans-Regular.ttf in CopyFiles */ = {isa = PBXBuildFile; fileRef = D96C02DE1AEB01B700001936 /* ClearSans-Regular.ttf */; };
		D9CBADF11AF976EF0017917C /* Cretino.ttf in CopyFiles */ = {isa = PBXBuildFile; fileRef = D96C02DF1AEB01B700001936 /* Cretino.ttf */; };
		D9CBADF21AF976EF0017917C /* HiLoDeco.ttf in CopyFiles */ = {isa = PBXBuildFile; fileRef = D96C02E01AEB01B700001936 /* HiLoDeco.ttf */; };
		D9CBADF31AF976EF0017917C /* IMFeENrm29P.ttf in CopyFiles */ = {isa = PBXBuildFile; fileRef = D96C02E11AEB01B700001936 /* IMFeENrm29P.ttf */; };
		D9CBADF41AF976EF0017917C /* IMFeENsc29P.ttf in CopyFiles */ = {isa = PBXBuildFile; fileRef = D96C02E21AEB01B700001936 /* IMFeENsc29P.ttf */; };
		D9CBADF51AF976EF0017917C /* Jura-Book.ttf in CopyFiles */ = {isa = PBXBuildFile; fileRef = D96C02E31AEB01B700001936 /* Jura-Book.ttf */; };
		D9CBADF61AF976EF0017917C /* Orangeki.ttf in CopyFiles */ = {isa = PBXBuildFile; fileRef = D96C02E41AEB01B700001936 /* Orangeki.ttf */; };
		D9CBADF71AF976EF0017917C /* Segment14.otf in CopyFiles */ = {isa = PBXBuildFile; fileRef = D96C02E51AEB01B700001936 /* Segment14.otf */; };
		D9CD8FA11B91CC7100B86866 /* Instanced.cpp in Sources */ = {isa = PBXBuildFile; fileRef = D9CD8F9F1B91CC7100B86866 /* Instanced.cpp */; };
		D9CD8FA51B92512100B86866 /* GUISlider.cpp in Sources */ = {isa = PBXBuildFile; fileRef = D9CD8FA31B92512100B86866 /* GUISlider.cpp */; };
		D9CD8FB11B93899700B86866 /* deferred_mesh_vColor_instanced.vsh in CopyFiles */ = {isa = PBXBuildFile; fileRef = D9CD8FB01B93898F00B86866 /* deferred_mesh_vColor_instanced.vsh */; };
		D9DA78731AFBF41A007A28AA /* FontAtlas.cpp in Sources */ = {isa = PBXBuildFile; fileRef = D9DA786D1AFBF41A007A28AA /* FontAtlas.cpp */; };
		D9DA78741AFBF41A007A28AA /* TextManager.cpp in Sources */ = {isa = PBXBuildFile; fileRef = D9DA78711AFBF41A007A28AA /* TextManager.cpp */; };
		D9DA787A1AFC0A89007A28AA /* GLErrorUtil.cpp in Sources */ = {isa = PBXBuildFile; fileRef = D9DA78781AFC0A89007A28AA /* GLErrorUtil.cpp */; };
		D9DA787D1AFC0F77007A28AA /* Primitives2D.cpp in Sources */ = {isa = PBXBuildFile; fileRef = D9DA787B1AFC0F77007A28AA /* Primitives2D.cpp */; };
		D9E31D451B8A39EE00F3CB66 /* ParticleEditor.cpp in Sources */ = {isa = PBXBuildFile; fileRef = D9E31D431B8A39EE00F3CB66 /* ParticleEditor.cpp */; };
		D9E31D4B1B8A3B1200F3CB66 /* Particles.cpp in Sources */ = {isa = PBXBuildFile; fileRef = D9E31D471B8A3B1200F3CB66 /* Particles.cpp */; };
		D9E31D4C1B8A3B1200F3CB66 /* ParticleSys.cpp in Sources */ = {isa = PBXBuildFile; fileRef = D9E31D491B8A3B1200F3CB66 /* ParticleSys.cpp */; };
		D9E31D4F1B8A3C3B00F3CB66 /* Base64.cpp in Sources */ = {isa = PBXBuildFile; fileRef = D9E31D4D1B8A3C3B00F3CB66 /* Base64.cpp */; };
		D9F3A5EC1B9C59A200E5F53B /* GUIList.cpp in Sources */ = {isa = PBXBuildFile; fileRef = D9F3A5EA1B9C59A200E5F53B /* GUIList.cpp */; };
		D9F4DB2D1B763E1D00523231 /* deferred_mesh_instanced.fsh in CopyFiles */ = {isa = PBXBuildFile; fileRef = D9F4DB2B1B763E1600523231 /* deferred_mesh_instanced.fsh */; };
		D9F4DB2E1B763E1D00523231 /* deferred_mesh_instanced.vsh in CopyFiles */ = {isa = PBXBuildFile; fileRef = D9F4DB2C1B763E1600523231 /* deferred_mesh_instanced.vsh */; };
		D9F4DB331B76544500523231 /* Primitives3D.cpp in Sources */ = {isa = PBXBuildFile; fileRef = D9F4DB311B76544500523231 /* Primitives3D.cpp */; };
		D9F4DB371B77F4CB00523231 /* GUITextInput.cpp in Sources */ = {isa = PBXBuildFile; fileRef = D9F4DB351B77F4CB00523231 /* GUITextInput.cpp */; };
		D9F7CC921B9CF78A00A3E377 /* GUIMenu.cpp in Sources */ = {isa = PBXBuildFile; fileRef = D9F7CC911B9CF78A00A3E377 /* GUIMenu.cpp */; };
		D9FAFB9C1B7A95A4005AA42B /* TextConstants.cpp in Sources */ = {isa = PBXBuildFile; fileRef = D9FAFB9B1B7A95A4005AA42B /* TextConstants.cpp */; };
		D9FAFBB71B7AA8FB005AA42B /* libBulletCollision.a in Frameworks */ = {isa = PBXBuildFile; fileRef = D9FAFBB41B7AA8FB005AA42B /* libBulletCollision.a */; };
		D9FAFBB81B7AA8FB005AA42B /* libBulletDynamics.a in Frameworks */ = {isa = PBXBuildFile; fileRef = D9FAFBB51B7AA8FB005AA42B /* libBulletDynamics.a */; };
		D9FAFBB91B7AA8FB005AA42B /* libLinearMath.a in Frameworks */ = {isa = PBXBuildFile; fileRef = D9FAFBB61B7AA8FB005AA42B /* libLinearMath.a */; };
		D9FAFBBF1B7AABE4005AA42B /* Entity.cpp in Sources */ = {isa = PBXBuildFile; fileRef = D9FAFBBC1B7AABE4005AA42B /* Entity.cpp */; };
		D9FAFBD81B7AAE64005AA42B /* ActorComponent.cpp in Sources */ = {isa = PBXBuildFile; fileRef = D9FAFBC21B7AAE64005AA42B /* ActorComponent.cpp */; };
		D9FAFBD91B7AAE64005AA42B /* CubeComponent.cpp in Sources */ = {isa = PBXBuildFile; fileRef = D9FAFBC41B7AAE64005AA42B /* CubeComponent.cpp */; };
		D9FAFBDA1B7AAE64005AA42B /* EntityManager.cpp in Sources */ = {isa = PBXBuildFile; fileRef = D9FAFBC61B7AAE64005AA42B /* EntityManager.cpp */; };
		D9FAFBDB1B7AAE64005AA42B /* ExplosiveComponent.cpp in Sources */ = {isa = PBXBuildFile; fileRef = D9FAFBC81B7AAE64005AA42B /* ExplosiveComponent.cpp */; };
		D9FAFBDC1B7AAE64005AA42B /* HealthComponent.cpp in Sources */ = {isa = PBXBuildFile; fileRef = D9FAFBCA1B7AAE64005AA42B /* HealthComponent.cpp */; };
		D9FAFBDD1B7AAE64005AA42B /* HumanoidComponent.cpp in Sources */ = {isa = PBXBuildFile; fileRef = D9FAFBCC1B7AAE64005AA42B /* HumanoidComponent.cpp */; };
		D9FAFBDE1B7AAE64005AA42B /* InventoryComponent.cpp in Sources */ = {isa = PBXBuildFile; fileRef = D9FAFBCE1B7AAE64005AA42B /* InventoryComponent.cpp */; };
		D9FAFBDF1B7AAE64005AA42B /* ItemComponent.cpp in Sources */ = {isa = PBXBuildFile; fileRef = D9FAFBD01B7AAE64005AA42B /* ItemComponent.cpp */; };
		D9FAFBE01B7AAE64005AA42B /* Light3DComponent.cpp in Sources */ = {isa = PBXBuildFile; fileRef = D9FAFBD21B7AAE64005AA42B /* Light3DComponent.cpp */; };
		D9FAFBE11B7AAE64005AA42B /* ParticleComponent.cpp in Sources */ = {isa = PBXBuildFile; fileRef = D9FAFBD41B7AAE64005AA42B /* ParticleComponent.cpp */; };
		D9FAFBE21B7AAE64005AA42B /* PhysicsComponent.cpp in Sources */ = {isa = PBXBuildFile; fileRef = D9FAFBD61B7AAE64005AA42B /* PhysicsComponent.cpp */; };
/* End PBXBuildFile section */

/* Begin PBXCopyFilesBuildPhase section */
		D90CE61E1AE3DFE6009F05EB /* CopyFiles */ = {
			isa = PBXCopyFilesBuildPhase;
			buildActionMask = 2147483647;
			dstPath = "";
			dstSubfolderSpec = 10;
			files = (
				D90CE61F1AE3DFEF009F05EB /* SDL2.framework in CopyFiles */,
			);
			runOnlyForDeploymentPostprocessing = 0;
		};
		D9CBADEE1AF9767E0017917C /* CopyFiles */ = {
			isa = PBXCopyFilesBuildPhase;
			buildActionMask = 2147483647;
			dstPath = Data/Fonts;
			dstSubfolderSpec = 16;
			files = (
				D9CBADEF1AF976EF0017917C /* Bentham.ttf in CopyFiles */,
				D9CBADF01AF976EF0017917C /* ClearSans-Regular.ttf in CopyFiles */,
				D9CBADF11AF976EF0017917C /* Cretino.ttf in CopyFiles */,
				D9CBADF21AF976EF0017917C /* HiLoDeco.ttf in CopyFiles */,
				D9CBADF31AF976EF0017917C /* IMFeENrm29P.ttf in CopyFiles */,
				D9CBADF41AF976EF0017917C /* IMFeENsc29P.ttf in CopyFiles */,
				D9CBADF51AF976EF0017917C /* Jura-Book.ttf in CopyFiles */,
				D9CBADF61AF976EF0017917C /* Orangeki.ttf in CopyFiles */,
				D9CBADF71AF976EF0017917C /* Segment14.otf in CopyFiles */,
			);
			runOnlyForDeploymentPostprocessing = 0;
		};
		D9DA78831AFC14FC007A28AA /* CopyFiles */ = {
			isa = PBXCopyFilesBuildPhase;
			buildActionMask = 2147483647;
			dstPath = Shaders;
			dstSubfolderSpec = 16;
			files = (
				D9F4DB2D1B763E1D00523231 /* deferred_mesh_instanced.fsh in CopyFiles */,
				D9F4DB2E1B763E1D00523231 /* deferred_mesh_instanced.vsh in CopyFiles */,
				D9CD8FB11B93899700B86866 /* deferred_mesh_vColor_instanced.vsh in CopyFiles */,
				D9387BA11B27635400713841 /* deferred_mesh.fsh in CopyFiles */,
				D9387BA21B27635400713841 /* deferred_mesh.vsh in CopyFiles */,
				D96DB9561B68C7A2008E1DF5 /* deferred_sky_dome.fsh in CopyFiles */,
				D96DB9571B68C7A2008E1DF5 /* deferred_sky_dome.vsh in CopyFiles */,
				D9150E3D1B6BAAB400415F99 /* deferred_tex.fsh in CopyFiles */,
				D9C16FF61AFFF23000F66B19 /* forward_color.fsh in CopyFiles */,
				D9150E4F1B6BD06700415F99 /* forward_depth_debug.fsh in CopyFiles */,
				D9150E3A1B6BA96300415F99 /* forward_fs_tex_uColor.fsh in CopyFiles */,
				D9150E4E1B6BD05B00415F99 /* forward_fs_tex.vsh in CopyFiles */,
				D9150E521B6C0CC400415F99 /* forward_fs_uColor.fsh in CopyFiles */,
				D9150E531B6C0CC400415F99 /* forward_fs.vsh in CopyFiles */,
				D9150E331B6B986600415F99 /* forward_FXAA.fsh in CopyFiles */,
				D9150E341B6B986600415F99 /* forward_FXAA.vsh in CopyFiles */,
				D9150E461B6BB5C800415F99 /* forward_light_pass.fsh in CopyFiles */,
				D9150E471B6BB5C800415F99 /* forward_light_pass.vsh in CopyFiles */,
				D9C16FF71AFFF23000F66B19 /* forward_tex_color.fsh in CopyFiles */,
				D9C16FF81AFFF23000F66B19 /* forward_vColor.vsh in CopyFiles */,
				D9C16FF91AFFF23000F66B19 /* forward_vTex_uColor.vsh in CopyFiles */,
			);
			runOnlyForDeploymentPostprocessing = 0;
		};
/* End PBXCopyFilesBuildPhase section */

/* Begin PBXFileReference section */
		D9047B241B7FC490001AA1CA /* PhysicsDefines.h */ = {isa = PBXFileReference; lastKnownFileType = sourcecode.c.h; path = PhysicsDefines.h; sourceTree = "<group>"; };
		D90CE5E21AE3DD5B009F05EB /* DungeonSmith.app */ = {isa = PBXFileReference; explicitFileType = wrapper.application; includeInIndex = 0; path = DungeonSmith.app; sourceTree = BUILT_PRODUCTS_DIR; };
		D90CE5E51AE3DD5B009F05EB /* Cocoa.framework */ = {isa = PBXFileReference; lastKnownFileType = wrapper.framework; name = Cocoa.framework; path = System/Library/Frameworks/Cocoa.framework; sourceTree = SDKROOT; };
		D90CE5E81AE3DD5B009F05EB /* AppKit.framework */ = {isa = PBXFileReference; lastKnownFileType = wrapper.framework; name = AppKit.framework; path = System/Library/Frameworks/AppKit.framework; sourceTree = SDKROOT; };
		D90CE5E91AE3DD5B009F05EB /* CoreData.framework */ = {isa = PBXFileReference; lastKnownFileType = wrapper.framework; name = CoreData.framework; path = System/Library/Frameworks/CoreData.framework; sourceTree = SDKROOT; };
		D90CE5EA1AE3DD5B009F05EB /* Foundation.framework */ = {isa = PBXFileReference; lastKnownFileType = wrapper.framework; name = Foundation.framework; path = System/Library/Frameworks/Foundation.framework; sourceTree = SDKROOT; };
		D90CE5ED1AE3DD5C009F05EB /* DungeonSmith-Info.plist */ = {isa = PBXFileReference; lastKnownFileType = text.plist.xml; path = "DungeonSmith-Info.plist"; sourceTree = "<group>"; };
		D90CE5EF1AE3DD5C009F05EB /* en */ = {isa = PBXFileReference; lastKnownFileType = text.plist.strings; name = en; path = en.lproj/InfoPlist.strings; sourceTree = "<group>"; };
		D90CE5F51AE3DD5C009F05EB /* en */ = {isa = PBXFileReference; lastKnownFileType = text.rtf; name = en; path = en.lproj/Credits.rtf; sourceTree = "<group>"; };
		D90CE5FD1AE3DD5C009F05EB /* Images.xcassets */ = {isa = PBXFileReference; lastKnownFileType = folder.assetcatalog; path = Images.xcassets; sourceTree = "<group>"; };
		D90CE61A1AE3DEE5009F05EB /* main.cpp */ = {isa = PBXFileReference; fileEncoding = 4; lastKnownFileType = sourcecode.cpp.cpp; path = main.cpp; sourceTree = "<group>"; };
		D90CE61C1AE3DF81009F05EB /* SDL2.framework */ = {isa = PBXFileReference; lastKnownFileType = wrapper.framework; name = SDL2.framework; path = OSX/Frameworks/SDL2.framework; sourceTree = "<group>"; };
		D90D62AC1B04BA3C0076B311 /* Chunk.cpp */ = {isa = PBXFileReference; fileEncoding = 4; lastKnownFileType = sourcecode.cpp.cpp; path = Chunk.cpp; sourceTree = "<group>"; };
		D90D62AD1B04BA3C0076B311 /* Chunk.h */ = {isa = PBXFileReference; fileEncoding = 4; lastKnownFileType = sourcecode.c.h; path = Chunk.h; sourceTree = "<group>"; };
		D90D62B01B04BA9F0076B311 /* LocalGame.cpp */ = {isa = PBXFileReference; fileEncoding = 4; lastKnownFileType = sourcecode.cpp.cpp; path = LocalGame.cpp; sourceTree = "<group>"; };
		D90D62B11B04BA9F0076B311 /* LocalGame.h */ = {isa = PBXFileReference; fileEncoding = 4; lastKnownFileType = sourcecode.c.h; path = LocalGame.h; sourceTree = "<group>"; };
		D90D62B31B04E08B0076B311 /* World.cpp */ = {isa = PBXFileReference; fileEncoding = 4; lastKnownFileType = sourcecode.cpp.cpp; path = World.cpp; sourceTree = "<group>"; };
		D90D62B41B04E08B0076B311 /* World.h */ = {isa = PBXFileReference; fileEncoding = 4; lastKnownFileType = sourcecode.c.h; path = World.h; sourceTree = "<group>"; };
		D914EC0A1B137FE9004C2E74 /* ThreadPool.h */ = {isa = PBXFileReference; fileEncoding = 4; lastKnownFileType = sourcecode.c.h; path = ThreadPool.h; sourceTree = "<group>"; };
		D9150E2D1B6A258400415F99 /* GUIConstants.h */ = {isa = PBXFileReference; lastKnownFileType = sourcecode.c.h; path = GUIConstants.h; sourceTree = "<group>"; };
		D9150E2E1B6A786000415F99 /* ButtonBehavior.cpp */ = {isa = PBXFileReference; fileEncoding = 4; lastKnownFileType = sourcecode.cpp.cpp; path = ButtonBehavior.cpp; sourceTree = "<group>"; };
		D9150E2F1B6A786000415F99 /* ButtonBehavior.h */ = {isa = PBXFileReference; fileEncoding = 4; lastKnownFileType = sourcecode.c.h; path = ButtonBehavior.h; sourceTree = "<group>"; };
		D9150E311B6B985B00415F99 /* forward_FXAA.fsh */ = {isa = PBXFileReference; lastKnownFileType = sourcecode.glsl; path = forward_FXAA.fsh; sourceTree = "<group>"; };
		D9150E321B6B985B00415F99 /* forward_FXAA.vsh */ = {isa = PBXFileReference; lastKnownFileType = sourcecode.glsl; path = forward_FXAA.vsh; sourceTree = "<group>"; };
		D9150E351B6BA14100415F99 /* PostProcess.cpp */ = {isa = PBXFileReference; fileEncoding = 4; lastKnownFileType = sourcecode.cpp.cpp; path = PostProcess.cpp; sourceTree = "<group>"; };
		D9150E361B6BA14100415F99 /* PostProcess.h */ = {isa = PBXFileReference; fileEncoding = 4; lastKnownFileType = sourcecode.c.h; path = PostProcess.h; sourceTree = "<group>"; };
		D9150E381B6BA95B00415F99 /* forward_fs_tex_uColor.fsh */ = {isa = PBXFileReference; lastKnownFileType = sourcecode.glsl; path = forward_fs_tex_uColor.fsh; sourceTree = "<group>"; };
		D9150E3C1B6BAAAE00415F99 /* deferred_tex.fsh */ = {isa = PBXFileReference; lastKnownFileType = sourcecode.glsl; path = deferred_tex.fsh; sourceTree = "<group>"; };
		D9150E3E1B6BB26100415F99 /* Light3D.cpp */ = {isa = PBXFileReference; fileEncoding = 4; lastKnownFileType = sourcecode.cpp.cpp; path = Light3D.cpp; sourceTree = "<group>"; };
		D9150E3F1B6BB26100415F99 /* Light3D.h */ = {isa = PBXFileReference; fileEncoding = 4; lastKnownFileType = sourcecode.c.h; path = Light3D.h; sourceTree = "<group>"; };
		D9150E401B6BB26100415F99 /* LightSystem3D.cpp */ = {isa = PBXFileReference; fileEncoding = 4; lastKnownFileType = sourcecode.cpp.cpp; path = LightSystem3D.cpp; sourceTree = "<group>"; };
		D9150E411B6BB26100415F99 /* LightSystem3D.h */ = {isa = PBXFileReference; fileEncoding = 4; lastKnownFileType = sourcecode.c.h; path = LightSystem3D.h; sourceTree = "<group>"; };
		D9150E441B6BB5C200415F99 /* forward_light_pass.fsh */ = {isa = PBXFileReference; lastKnownFileType = sourcecode.glsl; path = forward_light_pass.fsh; sourceTree = "<group>"; };
		D9150E451B6BB5C200415F99 /* forward_light_pass.vsh */ = {isa = PBXFileReference; lastKnownFileType = sourcecode.glsl; path = forward_light_pass.vsh; sourceTree = "<group>"; };
		D9150E481B6BCC9F00415F99 /* forward_fs_tex.vsh */ = {isa = PBXFileReference; lastKnownFileType = sourcecode.glsl; path = forward_fs_tex.vsh; sourceTree = "<group>"; };
		D9150E491B6BCD0800415F99 /* forward_depth_debug.fsh */ = {isa = PBXFileReference; lastKnownFileType = sourcecode.glsl; path = forward_depth_debug.fsh; sourceTree = "<group>"; };
		D9150E501B6C0CB800415F99 /* forward_fs_uColor.fsh */ = {isa = PBXFileReference; lastKnownFileType = sourcecode.glsl; path = forward_fs_uColor.fsh; sourceTree = "<group>"; };
		D9150E511B6C0CB800415F99 /* forward_fs.vsh */ = {isa = PBXFileReference; lastKnownFileType = sourcecode.glsl; path = forward_fs.vsh; sourceTree = "<group>"; };
		D9150E541B6C17FE00415F99 /* StencilUtils.h */ = {isa = PBXFileReference; lastKnownFileType = sourcecode.c.h; path = StencilUtils.h; sourceTree = "<group>"; };
		D9150E551B6C2F9C00415F99 /* RenderUtils.h */ = {isa = PBXFileReference; lastKnownFileType = sourcecode.c.h; path = RenderUtils.h; sourceTree = "<group>"; };
		D9150E561B6C3DE700415F99 /* GUIButtonLabeled.cpp */ = {isa = PBXFileReference; fileEncoding = 4; lastKnownFileType = sourcecode.cpp.cpp; path = GUIButtonLabeled.cpp; sourceTree = "<group>"; };
		D9150E571B6C3DE700415F99 /* GUIButtonLabeled.h */ = {isa = PBXFileReference; fileEncoding = 4; lastKnownFileType = sourcecode.c.h; path = GUIButtonLabeled.h; sourceTree = "<group>"; };
		D9150E591B6CECCC00415F99 /* BlockSet.cpp */ = {isa = PBXFileReference; fileEncoding = 4; lastKnownFileType = sourcecode.cpp.cpp; path = BlockSet.cpp; sourceTree = "<group>"; };
		D9150E5A1B6CECCC00415F99 /* BlockSet.h */ = {isa = PBXFileReference; fileEncoding = 4; lastKnownFileType = sourcecode.c.h; path = BlockSet.h; sourceTree = "<group>"; };
		D9150E5C1B6D3A5F00415F99 /* ChunkManager.cpp */ = {isa = PBXFileReference; fileEncoding = 4; lastKnownFileType = sourcecode.cpp.cpp; path = ChunkManager.cpp; sourceTree = "<group>"; };
		D9150E5D1B6D3A5F00415F99 /* ChunkManager.h */ = {isa = PBXFileReference; fileEncoding = 4; lastKnownFileType = sourcecode.c.h; path = ChunkManager.h; sourceTree = "<group>"; };
		D9150E601B6D6A4200415F99 /* ChunkPool.h */ = {isa = PBXFileReference; fileEncoding = 4; lastKnownFileType = sourcecode.c.h; path = ChunkPool.h; sourceTree = "<group>"; };
		D919A8731B653143008EE9DE /* TextLabel.cpp */ = {isa = PBXFileReference; fileEncoding = 4; lastKnownFileType = sourcecode.cpp.cpp; path = TextLabel.cpp; sourceTree = "<group>"; };
		D919A8741B653143008EE9DE /* TextLabel.h */ = {isa = PBXFileReference; fileEncoding = 4; lastKnownFileType = sourcecode.c.h; path = TextLabel.h; sourceTree = "<group>"; };
		D91EE8BE1AE578950039C3D9 /* CoreFoundation.framework */ = {isa = PBXFileReference; lastKnownFileType = wrapper.framework; name = CoreFoundation.framework; path = System/Library/Frameworks/CoreFoundation.framework; sourceTree = SDKROOT; };
		D92C60F71AE3E69D00FE2C33 /* libGLEW.a */ = {isa = PBXFileReference; lastKnownFileType = archive.ar; path = libGLEW.a; sourceTree = "<group>"; };
		D92C60FC1AE420D700FE2C33 /* OpenGL.framework */ = {isa = PBXFileReference; lastKnownFileType = wrapper.framework; name = OpenGL.framework; path = System/Library/Frameworks/OpenGL.framework; sourceTree = SDKROOT; };
		D9387B9D1B27633100713841 /* deferred_mesh.fsh */ = {isa = PBXFileReference; fileEncoding = 4; lastKnownFileType = sourcecode.glsl; path = deferred_mesh.fsh; sourceTree = "<group>"; };
		D9387B9E1B27633100713841 /* deferred_mesh.vsh */ = {isa = PBXFileReference; fileEncoding = 4; lastKnownFileType = sourcecode.glsl; path = deferred_mesh.vsh; sourceTree = "<group>"; };
		D9387BA31B2763A500713841 /* Mesh.cpp */ = {isa = PBXFileReference; fileEncoding = 4; lastKnownFileType = sourcecode.cpp.cpp; path = Mesh.cpp; sourceTree = "<group>"; };
		D9387BA41B2763A500713841 /* Mesh.h */ = {isa = PBXFileReference; fileEncoding = 4; lastKnownFileType = sourcecode.c.h; path = Mesh.h; sourceTree = "<group>"; };
		D93B339C1B028D13004AE04D /* GUIManager.cpp */ = {isa = PBXFileReference; fileEncoding = 4; lastKnownFileType = sourcecode.cpp.cpp; path = GUIManager.cpp; sourceTree = "<group>"; };
		D93B339D1B028D13004AE04D /* GUIManager.h */ = {isa = PBXFileReference; fileEncoding = 4; lastKnownFileType = sourcecode.c.h; path = GUIManager.h; sourceTree = "<group>"; };
		D949F31C1AE5B2BF00318804 /* InputListener.h */ = {isa = PBXFileReference; fileEncoding = 4; lastKnownFileType = sourcecode.c.h; path = InputListener.h; sourceTree = "<group>"; };
		D949F31D1AE5B2BF00318804 /* Input.cpp */ = {isa = PBXFileReference; fileEncoding = 4; lastKnownFileType = sourcecode.cpp.cpp; path = Input.cpp; sourceTree = "<group>"; };
		D949F31E1AE5B2BF00318804 /* Input.h */ = {isa = PBXFileReference; fileEncoding = 4; lastKnownFileType = sourcecode.c.h; path = Input.h; sourceTree = "<group>"; };
		D949F3211AE5B2E100318804 /* IRenderer.h */ = {isa = PBXFileReference; fileEncoding = 4; lastKnownFileType = sourcecode.c.h; path = IRenderer.h; sourceTree = "<group>"; };
		D949F3221AE5B2E100318804 /* Renderer.cpp */ = {isa = PBXFileReference; fileEncoding = 4; lastKnownFileType = sourcecode.cpp.cpp; path = Renderer.cpp; sourceTree = "<group>"; };
		D949F3231AE5B2E100318804 /* Renderer.h */ = {isa = PBXFileReference; fileEncoding = 4; lastKnownFileType = sourcecode.c.h; path = Renderer.h; sourceTree = "<group>"; };
		D94BE2811AE464B20004EC98 /* HyperVisor.cpp */ = {isa = PBXFileReference; fileEncoding = 4; lastKnownFileType = sourcecode.cpp.cpp; path = HyperVisor.cpp; sourceTree = "<group>"; };
		D94BE2821AE464B20004EC98 /* HyperVisor.h */ = {isa = PBXFileReference; fileEncoding = 4; lastKnownFileType = sourcecode.c.h; path = HyperVisor.h; sourceTree = "<group>"; };
		D94C676A1B791D7700E0039A /* TextInputBehavior.cpp */ = {isa = PBXFileReference; fileEncoding = 4; lastKnownFileType = sourcecode.cpp.cpp; path = TextInputBehavior.cpp; sourceTree = "<group>"; };
		D94C676B1B791D7700E0039A /* TextInputBehavior.h */ = {isa = PBXFileReference; fileEncoding = 4; lastKnownFileType = sourcecode.c.h; path = TextInputBehavior.h; sourceTree = "<group>"; };
		D96C02A31AE84BB800001936 /* CommandProcessor.cpp */ = {isa = PBXFileReference; fileEncoding = 4; lastKnownFileType = sourcecode.cpp.cpp; path = CommandProcessor.cpp; sourceTree = "<group>"; };
		D96C02A41AE84BB800001936 /* CommandProcessor.h */ = {isa = PBXFileReference; fileEncoding = 4; lastKnownFileType = sourcecode.c.h; path = CommandProcessor.h; sourceTree = "<group>"; };
		D96C02A61AE84BB800001936 /* Console.cpp */ = {isa = PBXFileReference; fileEncoding = 4; lastKnownFileType = sourcecode.cpp.cpp; path = Console.cpp; sourceTree = "<group>"; };
		D96C02A71AE84BB800001936 /* Console.h */ = {isa = PBXFileReference; fileEncoding = 4; lastKnownFileType = sourcecode.c.h; path = Console.h; sourceTree = "<group>"; };
		D96C02A81AE84BB800001936 /* ConsoleVar.h */ = {isa = PBXFileReference; fileEncoding = 4; lastKnownFileType = sourcecode.c.h; path = ConsoleVar.h; sourceTree = "<group>"; };
		D96C02AB1AE84D5600001936 /* Color.h */ = {isa = PBXFileReference; lastKnownFileType = sourcecode.c.h; path = Color.h; sourceTree = "<group>"; };
		D96C02AD1AE850EB00001936 /* Scene.cpp */ = {isa = PBXFileReference; fileEncoding = 4; lastKnownFileType = sourcecode.cpp.cpp; path = Scene.cpp; sourceTree = "<group>"; };
		D96C02AE1AE850EB00001936 /* Scene.h */ = {isa = PBXFileReference; fileEncoding = 4; lastKnownFileType = sourcecode.c.h; path = Scene.h; sourceTree = "<group>"; };
		D96C02AF1AE850EB00001936 /* SceneManager.cpp */ = {isa = PBXFileReference; fileEncoding = 4; lastKnownFileType = sourcecode.cpp.cpp; path = SceneManager.cpp; sourceTree = "<group>"; };
		D96C02B01AE850EB00001936 /* SceneManager.h */ = {isa = PBXFileReference; fileEncoding = 4; lastKnownFileType = sourcecode.c.h; path = SceneManager.h; sourceTree = "<group>"; };
		D96C02B21AE850EB00001936 /* FileUtil.cpp */ = {isa = PBXFileReference; fileEncoding = 4; lastKnownFileType = sourcecode.cpp.cpp; path = FileUtil.cpp; sourceTree = "<group>"; };
		D96C02B31AE850EB00001936 /* FileUtil.h */ = {isa = PBXFileReference; fileEncoding = 4; lastKnownFileType = sourcecode.c.h; path = FileUtil.h; sourceTree = "<group>"; };
		D96C02B41AE850EB00001936 /* Random.cpp */ = {isa = PBXFileReference; fileEncoding = 4; lastKnownFileType = sourcecode.cpp.cpp; path = Random.cpp; sourceTree = "<group>"; };
		D96C02B51AE850EB00001936 /* Random.h */ = {isa = PBXFileReference; fileEncoding = 4; lastKnownFileType = sourcecode.c.h; path = Random.h; sourceTree = "<group>"; };
		D96C02B61AE850EB00001936 /* StringUtil.cpp */ = {isa = PBXFileReference; fileEncoding = 4; lastKnownFileType = sourcecode.cpp.cpp; path = StringUtil.cpp; sourceTree = "<group>"; };
		D96C02B71AE850EB00001936 /* StringUtil.h */ = {isa = PBXFileReference; fileEncoding = 4; lastKnownFileType = sourcecode.c.h; path = StringUtil.h; sourceTree = "<group>"; };
		D96C02B81AE850EB00001936 /* Timer.cpp */ = {isa = PBXFileReference; fileEncoding = 4; lastKnownFileType = sourcecode.cpp.cpp; path = Timer.cpp; sourceTree = "<group>"; };
		D96C02B91AE850EB00001936 /* Timer.h */ = {isa = PBXFileReference; fileEncoding = 4; lastKnownFileType = sourcecode.c.h; path = Timer.h; sourceTree = "<group>"; };
		D96C02C61AEAE49900001936 /* Shader.cpp */ = {isa = PBXFileReference; fileEncoding = 4; lastKnownFileType = sourcecode.cpp.cpp; path = Shader.cpp; sourceTree = "<group>"; };
		D96C02C71AEAE49900001936 /* Shader.h */ = {isa = PBXFileReference; fileEncoding = 4; lastKnownFileType = sourcecode.c.h; path = Shader.h; sourceTree = "<group>"; };
		D96C02C81AEAE49900001936 /* ShaderDefaults.h */ = {isa = PBXFileReference; fileEncoding = 4; lastKnownFileType = sourcecode.c.h; path = ShaderDefaults.h; sourceTree = "<group>"; };
		D96C02C91AEAE49900001936 /* ShaderFactory.cpp */ = {isa = PBXFileReference; fileEncoding = 4; lastKnownFileType = sourcecode.cpp.cpp; path = ShaderFactory.cpp; sourceTree = "<group>"; };
		D96C02CA1AEAE49900001936 /* ShaderFactory.h */ = {isa = PBXFileReference; fileEncoding = 4; lastKnownFileType = sourcecode.c.h; path = ShaderFactory.h; sourceTree = "<group>"; };
		D96C02DD1AEB01B700001936 /* Bentham.ttf */ = {isa = PBXFileReference; lastKnownFileType = file; path = Bentham.ttf; sourceTree = "<group>"; };
		D96C02DE1AEB01B700001936 /* ClearSans-Regular.ttf */ = {isa = PBXFileReference; lastKnownFileType = file; path = "ClearSans-Regular.ttf"; sourceTree = "<group>"; };
		D96C02DF1AEB01B700001936 /* Cretino.ttf */ = {isa = PBXFileReference; lastKnownFileType = file; path = Cretino.ttf; sourceTree = "<group>"; };
		D96C02E01AEB01B700001936 /* HiLoDeco.ttf */ = {isa = PBXFileReference; lastKnownFileType = file; path = HiLoDeco.ttf; sourceTree = "<group>"; };
		D96C02E11AEB01B700001936 /* IMFeENrm29P.ttf */ = {isa = PBXFileReference; lastKnownFileType = file; path = IMFeENrm29P.ttf; sourceTree = "<group>"; };
		D96C02E21AEB01B700001936 /* IMFeENsc29P.ttf */ = {isa = PBXFileReference; lastKnownFileType = file; path = IMFeENsc29P.ttf; sourceTree = "<group>"; };
		D96C02E31AEB01B700001936 /* Jura-Book.ttf */ = {isa = PBXFileReference; lastKnownFileType = file; path = "Jura-Book.ttf"; sourceTree = "<group>"; };
		D96C02E41AEB01B700001936 /* Orangeki.ttf */ = {isa = PBXFileReference; lastKnownFileType = file; path = Orangeki.ttf; sourceTree = "<group>"; };
		D96C02E51AEB01B700001936 /* Segment14.otf */ = {isa = PBXFileReference; lastKnownFileType = file; path = Segment14.otf; sourceTree = "<group>"; };
		D96C02EF1AEB01DD00001936 /* libfreetype.a */ = {isa = PBXFileReference; lastKnownFileType = archive.ar; path = libfreetype.a; sourceTree = "<group>"; };
		D96C02F01AEB01DD00001936 /* libpng16.a */ = {isa = PBXFileReference; lastKnownFileType = archive.ar; path = libpng16.a; sourceTree = "<group>"; };
		D96C02F11AEB01DD00001936 /* libz.a */ = {isa = PBXFileReference; lastKnownFileType = archive.ar; path = libz.a; sourceTree = "<group>"; };
		D96DB9471B68AFAD008E1DF5 /* GUIButton.cpp */ = {isa = PBXFileReference; fileEncoding = 4; lastKnownFileType = sourcecode.cpp.cpp; path = GUIButton.cpp; sourceTree = "<group>"; };
		D96DB9481B68AFAD008E1DF5 /* GUIButton.h */ = {isa = PBXFileReference; fileEncoding = 4; lastKnownFileType = sourcecode.c.h; path = GUIButton.h; sourceTree = "<group>"; };
		D96DB94E1B68C1CE008E1DF5 /* SkyDome.cpp */ = {isa = PBXFileReference; fileEncoding = 4; lastKnownFileType = sourcecode.cpp.cpp; path = SkyDome.cpp; sourceTree = "<group>"; };
		D96DB94F1B68C1CE008E1DF5 /* SkyDome.h */ = {isa = PBXFileReference; fileEncoding = 4; lastKnownFileType = sourcecode.c.h; path = SkyDome.h; sourceTree = "<group>"; };
		D96DB9521B68C2D5008E1DF5 /* VertexBuffer_XYZW.h */ = {isa = PBXFileReference; fileEncoding = 4; lastKnownFileType = sourcecode.c.h; path = VertexBuffer_XYZW.h; sourceTree = "<group>"; };
		D96DB9541B68C79B008E1DF5 /* deferred_sky_dome.fsh */ = {isa = PBXFileReference; lastKnownFileType = sourcecode.glsl; path = deferred_sky_dome.fsh; sourceTree = "<group>"; };
		D96DB9551B68C79B008E1DF5 /* deferred_sky_dome.vsh */ = {isa = PBXFileReference; lastKnownFileType = sourcecode.glsl; path = deferred_sky_dome.vsh; sourceTree = "<group>"; };
		D96E8B9D1B0770DD00973D87 /* ChunkUtil.h */ = {isa = PBXFileReference; fileEncoding = 4; lastKnownFileType = sourcecode.c.h; path = ChunkUtil.h; sourceTree = "<group>"; };
		D96E8B9F1B07764700973D87 /* RenderDefines.h */ = {isa = PBXFileReference; lastKnownFileType = sourcecode.c.h; path = RenderDefines.h; sourceTree = "<group>"; };
		D96E8BA11B0794F200973D87 /* VertexBuffer_XYZW_DSN.h */ = {isa = PBXFileReference; fileEncoding = 4; lastKnownFileType = sourcecode.c.h; path = VertexBuffer_XYZW_DSN.h; sourceTree = "<group>"; };
		D96E8BA31B07EC7E00973D87 /* Camera.cpp */ = {isa = PBXFileReference; fileEncoding = 4; lastKnownFileType = sourcecode.cpp.cpp; path = Camera.cpp; sourceTree = "<group>"; };
		D96E8BA41B07EC7E00973D87 /* Camera.h */ = {isa = PBXFileReference; fileEncoding = 4; lastKnownFileType = sourcecode.c.h; path = Camera.h; sourceTree = "<group>"; };
		D96E8BA71B07EFAE00973D87 /* MathUtils.h */ = {isa = PBXFileReference; lastKnownFileType = sourcecode.c.h; path = MathUtils.h; sourceTree = "<group>"; };
		D96E8BA81B07FE6C00973D87 /* MatrixUtil.cpp */ = {isa = PBXFileReference; fileEncoding = 4; lastKnownFileType = sourcecode.cpp.cpp; path = MatrixUtil.cpp; sourceTree = "<group>"; };
		D96E8BA91B07FE6C00973D87 /* MatrixUtil.h */ = {isa = PBXFileReference; fileEncoding = 4; lastKnownFileType = sourcecode.c.h; path = MatrixUtil.h; sourceTree = "<group>"; };
		D96E8BAB1B08011A00973D87 /* GBuffer.cpp */ = {isa = PBXFileReference; fileEncoding = 4; lastKnownFileType = sourcecode.cpp.cpp; path = GBuffer.cpp; sourceTree = "<group>"; };
		D96E8BAC1B08011A00973D87 /* GBuffer.h */ = {isa = PBXFileReference; fileEncoding = 4; lastKnownFileType = sourcecode.c.h; path = GBuffer.h; sourceTree = "<group>"; };
		D96FEC3C1B91B4940014D518 /* DynamicCubes.cpp */ = {isa = PBXFileReference; fileEncoding = 4; lastKnownFileType = sourcecode.cpp.cpp; path = DynamicCubes.cpp; sourceTree = "<group>"; };
		D96FEC3D1B91B4940014D518 /* DynamicCubes.h */ = {isa = PBXFileReference; fileEncoding = 4; lastKnownFileType = sourcecode.c.h; path = DynamicCubes.h; sourceTree = "<group>"; };
		D97247321B7BB3BD009A40D1 /* btFractureBody.cpp */ = {isa = PBXFileReference; fileEncoding = 4; lastKnownFileType = sourcecode.cpp.cpp; path = btFractureBody.cpp; sourceTree = "<group>"; };
		D97247331B7BB3BD009A40D1 /* btFractureBody.h */ = {isa = PBXFileReference; fileEncoding = 4; lastKnownFileType = sourcecode.c.h; path = btFractureBody.h; sourceTree = "<group>"; };
		D97247341B7BB3BD009A40D1 /* btFractureDynamicsWorld.cpp */ = {isa = PBXFileReference; fileEncoding = 4; lastKnownFileType = sourcecode.cpp.cpp; path = btFractureDynamicsWorld.cpp; sourceTree = "<group>"; };
		D97247351B7BB3BD009A40D1 /* btFractureDynamicsWorld.h */ = {isa = PBXFileReference; fileEncoding = 4; lastKnownFileType = sourcecode.c.h; path = btFractureDynamicsWorld.h; sourceTree = "<group>"; };
		D97247361B7BB3BD009A40D1 /* CollisionDispatcher.cpp */ = {isa = PBXFileReference; fileEncoding = 4; lastKnownFileType = sourcecode.cpp.cpp; path = CollisionDispatcher.cpp; sourceTree = "<group>"; };
		D97247371B7BB3BD009A40D1 /* CollisionDispatcher.h */ = {isa = PBXFileReference; fileEncoding = 4; lastKnownFileType = sourcecode.c.h; path = CollisionDispatcher.h; sourceTree = "<group>"; };
		D972473A1B7BB3BD009A40D1 /* Physics.cpp */ = {isa = PBXFileReference; fileEncoding = 4; lastKnownFileType = sourcecode.cpp.cpp; path = Physics.cpp; sourceTree = "<group>"; };
		D972473B1B7BB3BD009A40D1 /* Physics.h */ = {isa = PBXFileReference; fileEncoding = 4; lastKnownFileType = sourcecode.c.h; path = Physics.h; sourceTree = "<group>"; };
		D972473C1B7BB3BD009A40D1 /* PhysicsDebugDraw.cpp */ = {isa = PBXFileReference; fileEncoding = 4; lastKnownFileType = sourcecode.cpp.cpp; path = PhysicsDebugDraw.cpp; sourceTree = "<group>"; };
		D972473D1B7BB3BD009A40D1 /* PhysicsDebugDraw.h */ = {isa = PBXFileReference; fileEncoding = 4; lastKnownFileType = sourcecode.c.h; path = PhysicsDebugDraw.h; sourceTree = "<group>"; };
		D97247441B7BBFB0009A40D1 /* ItemDefines.h */ = {isa = PBXFileReference; lastKnownFileType = sourcecode.c.h; path = ItemDefines.h; sourceTree = "<group>"; };
		D9BC15081AE46089009B7ADE /* Locator.cpp */ = {isa = PBXFileReference; fileEncoding = 4; lastKnownFileType = sourcecode.cpp.cpp; path = Locator.cpp; sourceTree = "<group>"; };
		D9BC15091AE46089009B7ADE /* Locator.h */ = {isa = PBXFileReference; fileEncoding = 4; lastKnownFileType = sourcecode.c.h; path = Locator.h; sourceTree = "<group>"; };
		D9C16FD51AFEC88A00F66B19 /* VertexBuffer_XYZW_RGBA.h */ = {isa = PBXFileReference; fileEncoding = 4; lastKnownFileType = sourcecode.c.h; path = VertexBuffer_XYZW_RGBA.h; sourceTree = "<group>"; };
		D9C16FD81AFF568200F66B19 /* GUIWidget.cpp */ = {isa = PBXFileReference; fileEncoding = 4; lastKnownFileType = sourcecode.cpp.cpp; path = GUIWidget.cpp; sourceTree = "<group>"; };
		D9C16FD91AFF568200F66B19 /* GUIWidget.h */ = {isa = PBXFileReference; fileEncoding = 4; lastKnownFileType = sourcecode.c.h; path = GUIWidget.h; sourceTree = "<group>"; };
		D9C16FDC1AFF5DC900F66B19 /* Sprite.cpp */ = {isa = PBXFileReference; fileEncoding = 4; lastKnownFileType = sourcecode.cpp.cpp; path = Sprite.cpp; sourceTree = "<group>"; };
		D9C16FDD1AFF5DC900F66B19 /* Sprite.h */ = {isa = PBXFileReference; fileEncoding = 4; lastKnownFileType = sourcecode.c.h; path = Sprite.h; sourceTree = "<group>"; };
		D9C16FDE1AFF5DC900F66B19 /* SpriteBatch.cpp */ = {isa = PBXFileReference; fileEncoding = 4; lastKnownFileType = sourcecode.cpp.cpp; path = SpriteBatch.cpp; sourceTree = "<group>"; };
		D9C16FDF1AFF5DC900F66B19 /* SpriteBatch.h */ = {isa = PBXFileReference; fileEncoding = 4; lastKnownFileType = sourcecode.c.h; path = SpriteBatch.h; sourceTree = "<group>"; };
		D9C16FE21AFF68CE00F66B19 /* Texture.cpp */ = {isa = PBXFileReference; fileEncoding = 4; lastKnownFileType = sourcecode.cpp.cpp; path = Texture.cpp; sourceTree = "<group>"; };
		D9C16FE31AFF68CE00F66B19 /* Texture.h */ = {isa = PBXFileReference; fileEncoding = 4; lastKnownFileType = sourcecode.c.h; path = Texture.h; sourceTree = "<group>"; };
		D9C16FE41AFF68CE00F66B19 /* TextureManager.cpp */ = {isa = PBXFileReference; fileEncoding = 4; lastKnownFileType = sourcecode.cpp.cpp; path = TextureManager.cpp; sourceTree = "<group>"; };
		D9C16FE51AFF68CE00F66B19 /* TextureManager.h */ = {isa = PBXFileReference; fileEncoding = 4; lastKnownFileType = sourcecode.c.h; path = TextureManager.h; sourceTree = "<group>"; };
		D9C16FE81AFF6E7100F66B19 /* Rect2D.cpp */ = {isa = PBXFileReference; fileEncoding = 4; lastKnownFileType = sourcecode.cpp.cpp; path = Rect2D.cpp; sourceTree = "<group>"; };
		D9C16FE91AFF6E7100F66B19 /* Rect2D.h */ = {isa = PBXFileReference; fileEncoding = 4; lastKnownFileType = sourcecode.c.h; path = Rect2D.h; sourceTree = "<group>"; };
		D9C16FEC1AFF6F4700F66B19 /* Dictionary.cpp */ = {isa = PBXFileReference; fileEncoding = 4; lastKnownFileType = sourcecode.cpp.cpp; path = Dictionary.cpp; sourceTree = "<group>"; };
		D9C16FED1AFF6F4700F66B19 /* Dictionary.h */ = {isa = PBXFileReference; fileEncoding = 4; lastKnownFileType = sourcecode.c.h; path = Dictionary.h; sourceTree = "<group>"; };
		D9C16FEE1AFF6F4700F66B19 /* DictionaryHelpers.h */ = {isa = PBXFileReference; fileEncoding = 4; lastKnownFileType = sourcecode.c.h; path = DictionaryHelpers.h; sourceTree = "<group>"; };
		D9C16FF21AFFF22900F66B19 /* forward_color.fsh */ = {isa = PBXFileReference; lastKnownFileType = sourcecode.glsl; path = forward_color.fsh; sourceTree = "<group>"; };
		D9C16FF31AFFF22900F66B19 /* forward_tex_color.fsh */ = {isa = PBXFileReference; lastKnownFileType = sourcecode.glsl; path = forward_tex_color.fsh; sourceTree = "<group>"; };
		D9C16FF41AFFF22900F66B19 /* forward_vColor.vsh */ = {isa = PBXFileReference; lastKnownFileType = sourcecode.glsl; path = forward_vColor.vsh; sourceTree = "<group>"; };
		D9C16FF51AFFF22900F66B19 /* forward_vTex_uColor.vsh */ = {isa = PBXFileReference; lastKnownFileType = sourcecode.glsl; path = forward_vTex_uColor.vsh; sourceTree = "<group>"; };
		D9C16FFB1AFFF4A900F66B19 /* VertexBuffer_XYZW_UV.h */ = {isa = PBXFileReference; fileEncoding = 4; lastKnownFileType = sourcecode.c.h; path = VertexBuffer_XYZW_UV.h; sourceTree = "<group>"; };
		D9C259241B808DDC00A221C6 /* libpugixml.a */ = {isa = PBXFileReference; lastKnownFileType = archive.ar; path = libpugixml.a; sourceTree = "<group>"; };
		D9C7562E1B8897A90048E4AC /* MainMenu.cpp */ = {isa = PBXFileReference; fileEncoding = 4; lastKnownFileType = sourcecode.cpp.cpp; path = MainMenu.cpp; sourceTree = "<group>"; };
		D9C7562F1B8897A90048E4AC /* MainMenu.h */ = {isa = PBXFileReference; fileEncoding = 4; lastKnownFileType = sourcecode.c.h; path = MainMenu.h; sourceTree = "<group>"; };
		D9C756321B8897B10048E4AC /* Planetoid.cpp */ = {isa = PBXFileReference; fileEncoding = 4; lastKnownFileType = sourcecode.cpp.cpp; path = Planetoid.cpp; sourceTree = "<group>"; };
		D9C756331B8897B10048E4AC /* Planetoid.h */ = {isa = PBXFileReference; fileEncoding = 4; lastKnownFileType = sourcecode.c.h; path = Planetoid.h; sourceTree = "<group>"; };
		D9C756361B8897DB0048E4AC /* Editor.cpp */ = {isa = PBXFileReference; fileEncoding = 4; lastKnownFileType = sourcecode.cpp.cpp; path = Editor.cpp; sourceTree = "<group>"; };
		D9C756371B8897DB0048E4AC /* Editor.h */ = {isa = PBXFileReference; fileEncoding = 4; lastKnownFileType = sourcecode.c.h; path = Editor.h; sourceTree = "<group>"; };
		D9CD8F9F1B91CC7100B86866 /* Instanced.cpp */ = {isa = PBXFileReference; fileEncoding = 4; lastKnownFileType = sourcecode.cpp.cpp; path = Instanced.cpp; sourceTree = "<group>"; };
		D9CD8FA01B91CC7100B86866 /* Instanced.h */ = {isa = PBXFileReference; fileEncoding = 4; lastKnownFileType = sourcecode.c.h; path = Instanced.h; sourceTree = "<group>"; };
		D9CD8FA21B91D03E00B86866 /* IRenderComponent.h */ = {isa = PBXFileReference; lastKnownFileType = sourcecode.c.h; path = IRenderComponent.h; sourceTree = "<group>"; };
		D9CD8FA31B92512100B86866 /* GUISlider.cpp */ = {isa = PBXFileReference; fileEncoding = 4; lastKnownFileType = sourcecode.cpp.cpp; path = GUISlider.cpp; sourceTree = "<group>"; };
		D9CD8FA41B92512100B86866 /* GUISlider.h */ = {isa = PBXFileReference; fileEncoding = 4; lastKnownFileType = sourcecode.c.h; path = GUISlider.h; sourceTree = "<group>"; };
		D9CD8FA71B9253A900B86866 /* SliderBehavior.h */ = {isa = PBXFileReference; fileEncoding = 4; lastKnownFileType = sourcecode.c.h; path = SliderBehavior.h; sourceTree = "<group>"; };
		D9CD8FAF1B935E0C00B86866 /* MeshInstanceVertexColored.h */ = {isa = PBXFileReference; lastKnownFileType = sourcecode.c.h; path = MeshInstanceVertexColored.h; sourceTree = "<group>"; };
		D9CD8FB01B93898F00B86866 /* deferred_mesh_vColor_instanced.vsh */ = {isa = PBXFileReference; lastKnownFileType = sourcecode.glsl; path = deferred_mesh_vColor_instanced.vsh; sourceTree = "<group>"; };
		D9DA786D1AFBF41A007A28AA /* FontAtlas.cpp */ = {isa = PBXFileReference; fileEncoding = 4; lastKnownFileType = sourcecode.cpp.cpp; path = FontAtlas.cpp; sourceTree = "<group>"; };
		D9DA786E1AFBF41A007A28AA /* FontAtlas.h */ = {isa = PBXFileReference; fileEncoding = 4; lastKnownFileType = sourcecode.c.h; path = FontAtlas.h; sourceTree = "<group>"; };
		D9DA786F1AFBF41A007A28AA /* IText.h */ = {isa = PBXFileReference; fileEncoding = 4; lastKnownFileType = sourcecode.c.h; path = IText.h; sourceTree = "<group>"; };
		D9DA78701AFBF41A007A28AA /* TextDefaults.h */ = {isa = PBXFileReference; fileEncoding = 4; lastKnownFileType = sourcecode.c.h; path = TextDefaults.h; sourceTree = "<group>"; };
		D9DA78711AFBF41A007A28AA /* TextManager.cpp */ = {isa = PBXFileReference; fileEncoding = 4; lastKnownFileType = sourcecode.cpp.cpp; path = TextManager.cpp; sourceTree = "<group>"; };
		D9DA78721AFBF41A007A28AA /* TextManager.h */ = {isa = PBXFileReference; fileEncoding = 4; lastKnownFileType = sourcecode.c.h; path = TextManager.h; sourceTree = "<group>"; };
		D9DA78781AFC0A89007A28AA /* GLErrorUtil.cpp */ = {isa = PBXFileReference; fileEncoding = 4; lastKnownFileType = sourcecode.cpp.cpp; path = GLErrorUtil.cpp; sourceTree = "<group>"; };
		D9DA78791AFC0A89007A28AA /* GLErrorUtil.h */ = {isa = PBXFileReference; fileEncoding = 4; lastKnownFileType = sourcecode.c.h; path = GLErrorUtil.h; sourceTree = "<group>"; };
		D9DA787B1AFC0F77007A28AA /* Primitives2D.cpp */ = {isa = PBXFileReference; fileEncoding = 4; lastKnownFileType = sourcecode.cpp.cpp; path = Primitives2D.cpp; sourceTree = "<group>"; };
		D9DA787C1AFC0F77007A28AA /* Primitives2D.h */ = {isa = PBXFileReference; fileEncoding = 4; lastKnownFileType = sourcecode.c.h; path = Primitives2D.h; sourceTree = "<group>"; };
		D9DFDC771B24DE7E00A37D4A /* BlockDefs.h */ = {isa = PBXFileReference; fileEncoding = 4; lastKnownFileType = sourcecode.c.h; path = BlockDefs.h; sourceTree = "<group>"; };
		D9E31D431B8A39EE00F3CB66 /* ParticleEditor.cpp */ = {isa = PBXFileReference; fileEncoding = 4; lastKnownFileType = sourcecode.cpp.cpp; path = ParticleEditor.cpp; sourceTree = "<group>"; };
		D9E31D441B8A39EE00F3CB66 /* ParticleEditor.h */ = {isa = PBXFileReference; fileEncoding = 4; lastKnownFileType = sourcecode.c.h; path = ParticleEditor.h; sourceTree = "<group>"; };
		D9E31D471B8A3B1200F3CB66 /* Particles.cpp */ = {isa = PBXFileReference; fileEncoding = 4; lastKnownFileType = sourcecode.cpp.cpp; path = Particles.cpp; sourceTree = "<group>"; };
		D9E31D481B8A3B1200F3CB66 /* Particles.h */ = {isa = PBXFileReference; fileEncoding = 4; lastKnownFileType = sourcecode.c.h; path = Particles.h; sourceTree = "<group>"; };
		D9E31D491B8A3B1200F3CB66 /* ParticleSys.cpp */ = {isa = PBXFileReference; fileEncoding = 4; lastKnownFileType = sourcecode.cpp.cpp; path = ParticleSys.cpp; sourceTree = "<group>"; };
		D9E31D4A1B8A3B1200F3CB66 /* ParticleSys.h */ = {isa = PBXFileReference; fileEncoding = 4; lastKnownFileType = sourcecode.c.h; path = ParticleSys.h; sourceTree = "<group>"; };
		D9E31D4D1B8A3C3B00F3CB66 /* Base64.cpp */ = {isa = PBXFileReference; fileEncoding = 4; lastKnownFileType = sourcecode.cpp.cpp; path = Base64.cpp; sourceTree = "<group>"; };
		D9E31D4E1B8A3C3B00F3CB66 /* Base64.h */ = {isa = PBXFileReference; fileEncoding = 4; lastKnownFileType = sourcecode.c.h; path = Base64.h; sourceTree = "<group>"; };
		D9E31D511B8A44EB00F3CB66 /* GUIMenu.h */ = {isa = PBXFileReference; fileEncoding = 4; lastKnownFileType = sourcecode.c.h; path = GUIMenu.h; sourceTree = "<group>"; };
		D9F3A5EA1B9C59A200E5F53B /* GUIList.cpp */ = {isa = PBXFileReference; fileEncoding = 4; lastKnownFileType = sourcecode.cpp.cpp; path = GUIList.cpp; sourceTree = "<group>"; };
		D9F3A5EB1B9C59A200E5F53B /* GUIList.h */ = {isa = PBXFileReference; fileEncoding = 4; lastKnownFileType = sourcecode.c.h; path = GUIList.h; sourceTree = "<group>"; };
		D9F4DB281B76338700523231 /* VertexBufferBase.h */ = {isa = PBXFileReference; fileEncoding = 4; lastKnownFileType = sourcecode.c.h; path = VertexBufferBase.h; sourceTree = "<group>"; };
		D9F4DB2A1B7639E800523231 /* PrimitiveDefines.h */ = {isa = PBXFileReference; lastKnownFileType = sourcecode.c.h; path = PrimitiveDefines.h; sourceTree = "<group>"; };
		D9F4DB2B1B763E1600523231 /* deferred_mesh_instanced.fsh */ = {isa = PBXFileReference; lastKnownFileType = sourcecode.glsl; path = deferred_mesh_instanced.fsh; sourceTree = "<group>"; };
		D9F4DB2C1B763E1600523231 /* deferred_mesh_instanced.vsh */ = {isa = PBXFileReference; lastKnownFileType = sourcecode.glsl; path = deferred_mesh_instanced.vsh; sourceTree = "<group>"; };
		D9F4DB2F1B76461200523231 /* MeshInstanceBufferBase.h */ = {isa = PBXFileReference; lastKnownFileType = sourcecode.c.h; path = MeshInstanceBufferBase.h; sourceTree = "<group>"; };
		D9F4DB301B7649CD00523231 /* MeshInstanceColored.h */ = {isa = PBXFileReference; lastKnownFileType = sourcecode.c.h; path = MeshInstanceColored.h; sourceTree = "<group>"; };
		D9F4DB311B76544500523231 /* Primitives3D.cpp */ = {isa = PBXFileReference; fileEncoding = 4; lastKnownFileType = sourcecode.cpp.cpp; path = Primitives3D.cpp; sourceTree = "<group>"; };
		D9F4DB321B76544500523231 /* Primitives3D.h */ = {isa = PBXFileReference; fileEncoding = 4; lastKnownFileType = sourcecode.c.h; path = Primitives3D.h; sourceTree = "<group>"; };
		D9F4DB341B7656D900523231 /* RenderDataDefines.h */ = {isa = PBXFileReference; lastKnownFileType = sourcecode.c.h; path = RenderDataDefines.h; sourceTree = "<group>"; };
		D9F4DB351B77F4CB00523231 /* GUITextInput.cpp */ = {isa = PBXFileReference; fileEncoding = 4; lastKnownFileType = sourcecode.cpp.cpp; path = GUITextInput.cpp; sourceTree = "<group>"; };
		D9F4DB361B77F4CB00523231 /* GUITextInput.h */ = {isa = PBXFileReference; fileEncoding = 4; lastKnownFileType = sourcecode.c.h; path = GUITextInput.h; sourceTree = "<group>"; };
		D9F7CC911B9CF78A00A3E377 /* GUIMenu.cpp */ = {isa = PBXFileReference; fileEncoding = 4; lastKnownFileType = sourcecode.cpp.cpp; path = GUIMenu.cpp; sourceTree = "<group>"; };
		D9FAFB981B7A6F15005AA42B /* RangeReverseAdapter.h */ = {isa = PBXFileReference; lastKnownFileType = sourcecode.c.h; path = RangeReverseAdapter.h; sourceTree = "<group>"; };
		D9FAFB991B7A79DE005AA42B /* ThreadSafeQueue.h */ = {isa = PBXFileReference; lastKnownFileType = sourcecode.c.h; path = ThreadSafeQueue.h; sourceTree = "<group>"; };
		D9FAFB9A1B7A7B00005AA42B /* ThreadSafeMap.h */ = {isa = PBXFileReference; lastKnownFileType = sourcecode.c.h; path = ThreadSafeMap.h; sourceTree = "<group>"; };
		D9FAFB9B1B7A95A4005AA42B /* TextConstants.cpp */ = {isa = PBXFileReference; fileEncoding = 4; lastKnownFileType = sourcecode.cpp.cpp; path = TextConstants.cpp; sourceTree = "<group>"; };
		D9FAFBB41B7AA8FB005AA42B /* libBulletCollision.a */ = {isa = PBXFileReference; lastKnownFileType = archive.ar; path = libBulletCollision.a; sourceTree = "<group>"; };
		D9FAFBB51B7AA8FB005AA42B /* libBulletDynamics.a */ = {isa = PBXFileReference; lastKnownFileType = archive.ar; path = libBulletDynamics.a; sourceTree = "<group>"; };
		D9FAFBB61B7AA8FB005AA42B /* libLinearMath.a */ = {isa = PBXFileReference; lastKnownFileType = archive.ar; path = libLinearMath.a; sourceTree = "<group>"; };
		D9FAFBBB1B7AABE4005AA42B /* Attribute.h */ = {isa = PBXFileReference; fileEncoding = 4; lastKnownFileType = sourcecode.c.h; path = Attribute.h; sourceTree = "<group>"; };
		D9FAFBBC1B7AABE4005AA42B /* Entity.cpp */ = {isa = PBXFileReference; fileEncoding = 4; lastKnownFileType = sourcecode.cpp.cpp; path = Entity.cpp; sourceTree = "<group>"; };
		D9FAFBBD1B7AABE4005AA42B /* Entity.h */ = {isa = PBXFileReference; fileEncoding = 4; lastKnownFileType = sourcecode.c.h; path = Entity.h; sourceTree = "<group>"; };
		D9FAFBBE1B7AABE4005AA42B /* EntityComponent.h */ = {isa = PBXFileReference; fileEncoding = 4; lastKnownFileType = sourcecode.c.h; path = EntityComponent.h; sourceTree = "<group>"; };
		D9FAFBC01B7AAD54005AA42B /* EntityDefines.h */ = {isa = PBXFileReference; lastKnownFileType = sourcecode.c.h; path = EntityDefines.h; sourceTree = "<group>"; };
		D9FAFBC21B7AAE64005AA42B /* ActorComponent.cpp */ = {isa = PBXFileReference; fileEncoding = 4; lastKnownFileType = sourcecode.cpp.cpp; path = ActorComponent.cpp; sourceTree = "<group>"; };
		D9FAFBC31B7AAE64005AA42B /* ActorComponent.h */ = {isa = PBXFileReference; fileEncoding = 4; lastKnownFileType = sourcecode.c.h; path = ActorComponent.h; sourceTree = "<group>"; };
		D9FAFBC41B7AAE64005AA42B /* CubeComponent.cpp */ = {isa = PBXFileReference; fileEncoding = 4; lastKnownFileType = sourcecode.cpp.cpp; path = CubeComponent.cpp; sourceTree = "<group>"; };
		D9FAFBC51B7AAE64005AA42B /* CubeComponent.h */ = {isa = PBXFileReference; fileEncoding = 4; lastKnownFileType = sourcecode.c.h; path = CubeComponent.h; sourceTree = "<group>"; };
		D9FAFBC61B7AAE64005AA42B /* EntityManager.cpp */ = {isa = PBXFileReference; fileEncoding = 4; lastKnownFileType = sourcecode.cpp.cpp; path = EntityManager.cpp; sourceTree = "<group>"; };
		D9FAFBC71B7AAE64005AA42B /* EntityManager.h */ = {isa = PBXFileReference; fileEncoding = 4; lastKnownFileType = sourcecode.c.h; path = EntityManager.h; sourceTree = "<group>"; };
		D9FAFBC81B7AAE64005AA42B /* ExplosiveComponent.cpp */ = {isa = PBXFileReference; fileEncoding = 4; lastKnownFileType = sourcecode.cpp.cpp; path = ExplosiveComponent.cpp; sourceTree = "<group>"; };
		D9FAFBC91B7AAE64005AA42B /* ExplosiveComponent.h */ = {isa = PBXFileReference; fileEncoding = 4; lastKnownFileType = sourcecode.c.h; path = ExplosiveComponent.h; sourceTree = "<group>"; };
		D9FAFBCA1B7AAE64005AA42B /* HealthComponent.cpp */ = {isa = PBXFileReference; fileEncoding = 4; lastKnownFileType = sourcecode.cpp.cpp; path = HealthComponent.cpp; sourceTree = "<group>"; };
		D9FAFBCB1B7AAE64005AA42B /* HealthComponent.h */ = {isa = PBXFileReference; fileEncoding = 4; lastKnownFileType = sourcecode.c.h; path = HealthComponent.h; sourceTree = "<group>"; };
		D9FAFBCC1B7AAE64005AA42B /* HumanoidComponent.cpp */ = {isa = PBXFileReference; fileEncoding = 4; lastKnownFileType = sourcecode.cpp.cpp; path = HumanoidComponent.cpp; sourceTree = "<group>"; };
		D9FAFBCD1B7AAE64005AA42B /* HumanoidComponent.h */ = {isa = PBXFileReference; fileEncoding = 4; lastKnownFileType = sourcecode.c.h; path = HumanoidComponent.h; sourceTree = "<group>"; };
		D9FAFBCE1B7AAE64005AA42B /* InventoryComponent.cpp */ = {isa = PBXFileReference; fileEncoding = 4; lastKnownFileType = sourcecode.cpp.cpp; path = InventoryComponent.cpp; sourceTree = "<group>"; };
		D9FAFBCF1B7AAE64005AA42B /* InventoryComponent.h */ = {isa = PBXFileReference; fileEncoding = 4; lastKnownFileType = sourcecode.c.h; path = InventoryComponent.h; sourceTree = "<group>"; };
		D9FAFBD01B7AAE64005AA42B /* ItemComponent.cpp */ = {isa = PBXFileReference; fileEncoding = 4; lastKnownFileType = sourcecode.cpp.cpp; path = ItemComponent.cpp; sourceTree = "<group>"; };
		D9FAFBD11B7AAE64005AA42B /* ItemComponent.h */ = {isa = PBXFileReference; fileEncoding = 4; lastKnownFileType = sourcecode.c.h; path = ItemComponent.h; sourceTree = "<group>"; };
		D9FAFBD21B7AAE64005AA42B /* Light3DComponent.cpp */ = {isa = PBXFileReference; fileEncoding = 4; lastKnownFileType = sourcecode.cpp.cpp; path = Light3DComponent.cpp; sourceTree = "<group>"; };
		D9FAFBD31B7AAE64005AA42B /* Light3DComponent.h */ = {isa = PBXFileReference; fileEncoding = 4; lastKnownFileType = sourcecode.c.h; path = Light3DComponent.h; sourceTree = "<group>"; };
		D9FAFBD41B7AAE64005AA42B /* ParticleComponent.cpp */ = {isa = PBXFileReference; fileEncoding = 4; lastKnownFileType = sourcecode.cpp.cpp; path = ParticleComponent.cpp; sourceTree = "<group>"; };
		D9FAFBD51B7AAE64005AA42B /* ParticleComponent.h */ = {isa = PBXFileReference; fileEncoding = 4; lastKnownFileType = sourcecode.c.h; path = ParticleComponent.h; sourceTree = "<group>"; };
		D9FAFBD61B7AAE64005AA42B /* PhysicsComponent.cpp */ = {isa = PBXFileReference; fileEncoding = 4; lastKnownFileType = sourcecode.cpp.cpp; path = PhysicsComponent.cpp; sourceTree = "<group>"; };
		D9FAFBD71B7AAE64005AA42B /* PhysicsComponent.h */ = {isa = PBXFileReference; fileEncoding = 4; lastKnownFileType = sourcecode.c.h; path = PhysicsComponent.h; sourceTree = "<group>"; };
		D9FD024D1B654F5F00B9DDD7 /* TextConstants.h */ = {isa = PBXFileReference; lastKnownFileType = sourcecode.c.h; path = TextConstants.h; sourceTree = "<group>"; };
/* End PBXFileReference section */

/* Begin PBXFrameworksBuildPhase section */
		D90CE5DF1AE3DD5B009F05EB /* Frameworks */ = {
			isa = PBXFrameworksBuildPhase;
			buildActionMask = 2147483647;
			files = (
				D92C60FD1AE420D700FE2C33 /* OpenGL.framework in Frameworks */,
				D9FAFBB91B7AA8FB005AA42B /* libLinearMath.a in Frameworks */,
				D90CE5E61AE3DD5B009F05EB /* Cocoa.framework in Frameworks */,
				D96C02F31AEB01DD00001936 /* libpng16.a in Frameworks */,
				D96C02F21AEB01DD00001936 /* libfreetype.a in Frameworks */,
				D90CE61D1AE3DF81009F05EB /* SDL2.framework in Frameworks */,
				D9FAFBB71B7AA8FB005AA42B /* libBulletCollision.a in Frameworks */,
				D9FAFBB81B7AA8FB005AA42B /* libBulletDynamics.a in Frameworks */,
				D9C259251B808DDC00A221C6 /* libpugixml.a in Frameworks */,
				D96C02F41AEB01DD00001936 /* libz.a in Frameworks */,
				D92C60F81AE3E69D00FE2C33 /* libGLEW.a in Frameworks */,
			);
			runOnlyForDeploymentPostprocessing = 0;
		};
/* End PBXFrameworksBuildPhase section */

/* Begin PBXGroup section */
		D90CE5D91AE3DD5B009F05EB = {
			isa = PBXGroup;
			children = (
				D90CE5EB1AE3DD5B009F05EB /* DungeonSmith */,
				D90CE6191AE3DEE5009F05EB /* Source */,
				D96C02DB1AEB01B700001936 /* Resources */,
				D90CE5E41AE3DD5B009F05EB /* Frameworks */,
				D92C60F61AE3E69D00FE2C33 /* Libs */,
				D90CE5E31AE3DD5B009F05EB /* Products */,
			);
			sourceTree = "<group>";
		};
		D90CE5E31AE3DD5B009F05EB /* Products */ = {
			isa = PBXGroup;
			children = (
				D90CE5E21AE3DD5B009F05EB /* DungeonSmith.app */,
			);
			name = Products;
			sourceTree = "<group>";
		};
		D90CE5E41AE3DD5B009F05EB /* Frameworks */ = {
			isa = PBXGroup;
			children = (
				D90CE61C1AE3DF81009F05EB /* SDL2.framework */,
				D91EE8BE1AE578950039C3D9 /* CoreFoundation.framework */,
				D92C60FC1AE420D700FE2C33 /* OpenGL.framework */,
				D90CE5E51AE3DD5B009F05EB /* Cocoa.framework */,
				D90CE5E71AE3DD5B009F05EB /* Other Frameworks */,
			);
			name = Frameworks;
			sourceTree = "<group>";
		};
		D90CE5E71AE3DD5B009F05EB /* Other Frameworks */ = {
			isa = PBXGroup;
			children = (
				D90CE5E81AE3DD5B009F05EB /* AppKit.framework */,
				D90CE5E91AE3DD5B009F05EB /* CoreData.framework */,
				D90CE5EA1AE3DD5B009F05EB /* Foundation.framework */,
			);
			name = "Other Frameworks";
			sourceTree = "<group>";
		};
		D90CE5EB1AE3DD5B009F05EB /* DungeonSmith */ = {
			isa = PBXGroup;
			children = (
				D90CE5FD1AE3DD5C009F05EB /* Images.xcassets */,
				D90CE5EC1AE3DD5C009F05EB /* Supporting Files */,
			);
			name = DungeonSmith;
			path = OSX;
			sourceTree = "<group>";
		};
		D90CE5EC1AE3DD5C009F05EB /* Supporting Files */ = {
			isa = PBXGroup;
			children = (
				D90CE5ED1AE3DD5C009F05EB /* DungeonSmith-Info.plist */,
				D90CE5EE1AE3DD5C009F05EB /* InfoPlist.strings */,
				D90CE5F41AE3DD5C009F05EB /* Credits.rtf */,
			);
			name = "Supporting Files";
			sourceTree = "<group>";
		};
		D90CE6191AE3DEE5009F05EB /* Source */ = {
			isa = PBXGroup;
			children = (
				D9BC15051AE46089009B7ADE /* Core */,
				D90D62AA1B04BA3C0076B311 /* Game */,
				D90CE61A1AE3DEE5009F05EB /* main.cpp */,
			);
			path = Source;
			sourceTree = SOURCE_ROOT;
		};
		D90D62AA1B04BA3C0076B311 /* Game */ = {
			isa = PBXGroup;
			children = (
				D9C756351B8897DB0048E4AC /* Editor */,
				D9FAFBC11B7AAE64005AA42B /* Entities */,
				D90D62AF1B04BA6B0076B311 /* LocalGame */,
				D9C7562D1B8897A90048E4AC /* MainMenu */,
				D9C756311B8897B10048E4AC /* Planetoid */,
				D90D62AB1B04BA3C0076B311 /* World */,
			);
			path = Game;
			sourceTree = "<group>";
		};
		D90D62AB1B04BA3C0076B311 /* World */ = {
			isa = PBXGroup;
			children = (
				D9DFDC771B24DE7E00A37D4A /* BlockDefs.h */,
				D9150E591B6CECCC00415F99 /* BlockSet.cpp */,
				D9150E5A1B6CECCC00415F99 /* BlockSet.h */,
				D90D62AC1B04BA3C0076B311 /* Chunk.cpp */,
				D90D62AD1B04BA3C0076B311 /* Chunk.h */,
				D9150E5C1B6D3A5F00415F99 /* ChunkManager.cpp */,
				D9150E5D1B6D3A5F00415F99 /* ChunkManager.h */,
				D9150E601B6D6A4200415F99 /* ChunkPool.h */,
				D96E8B9D1B0770DD00973D87 /* ChunkUtil.h */,
				D96FEC3C1B91B4940014D518 /* DynamicCubes.cpp */,
				D96FEC3D1B91B4940014D518 /* DynamicCubes.h */,
				D90D62B31B04E08B0076B311 /* World.cpp */,
				D90D62B41B04E08B0076B311 /* World.h */,
			);
			path = World;
			sourceTree = "<group>";
		};
		D90D62AF1B04BA6B0076B311 /* LocalGame */ = {
			isa = PBXGroup;
			children = (
				D90D62B01B04BA9F0076B311 /* LocalGame.cpp */,
				D90D62B11B04BA9F0076B311 /* LocalGame.h */,
			);
			path = LocalGame;
			sourceTree = "<group>";
		};
		D9150E4A1B6BCD9000415F99 /* Buffers */ = {
			isa = PBXGroup;
			children = (
				D96E8BAB1B08011A00973D87 /* GBuffer.cpp */,
				D96E8BAC1B08011A00973D87 /* GBuffer.h */,
				D96E8BA11B0794F200973D87 /* VertexBuffer_XYZW_DSN.h */,
				D9C16FD51AFEC88A00F66B19 /* VertexBuffer_XYZW_RGBA.h */,
				D9C16FFB1AFFF4A900F66B19 /* VertexBuffer_XYZW_UV.h */,
				D96DB9521B68C2D5008E1DF5 /* VertexBuffer_XYZW.h */,
				D9F4DB281B76338700523231 /* VertexBufferBase.h */,
				D9F4DB2F1B76461200523231 /* MeshInstanceBufferBase.h */,
				D9F4DB301B7649CD00523231 /* MeshInstanceColored.h */,
				D9CD8FAF1B935E0C00B86866 /* MeshInstanceVertexColored.h */,
			);
			name = Buffers;
			sourceTree = "<group>";
		};
		D9150E4B1B6BCDB500415F99 /* Textures */ = {
			isa = PBXGroup;
			children = (
				D9C16FE21AFF68CE00F66B19 /* Texture.cpp */,
				D9C16FE31AFF68CE00F66B19 /* Texture.h */,
				D9C16FE41AFF68CE00F66B19 /* TextureManager.cpp */,
				D9C16FE51AFF68CE00F66B19 /* TextureManager.h */,
			);
			name = Textures;
			sourceTree = "<group>";
		};
		D9150E4C1B6BCDBC00415F99 /* Shaders */ = {
			isa = PBXGroup;
			children = (
				D96C02C61AEAE49900001936 /* Shader.cpp */,
				D96C02C71AEAE49900001936 /* Shader.h */,
				D96C02C81AEAE49900001936 /* ShaderDefaults.h */,
				D96C02C91AEAE49900001936 /* ShaderFactory.cpp */,
				D96C02CA1AEAE49900001936 /* ShaderFactory.h */,
			);
			name = Shaders;
			sourceTree = "<group>";
		};
		D9150E4D1B6BCDCA00415F99 /* Lighting */ = {
			isa = PBXGroup;
			children = (
				D9150E3E1B6BB26100415F99 /* Light3D.cpp */,
				D9150E3F1B6BB26100415F99 /* Light3D.h */,
				D9150E401B6BB26100415F99 /* LightSystem3D.cpp */,
				D9150E411B6BB26100415F99 /* LightSystem3D.h */,
			);
			name = Lighting;
			sourceTree = "<group>";
		};
		D92C60F61AE3E69D00FE2C33 /* Libs */ = {
			isa = PBXGroup;
			children = (
				D9FAFBB41B7AA8FB005AA42B /* libBulletCollision.a */,
				D9FAFBB51B7AA8FB005AA42B /* libBulletDynamics.a */,
				D9FAFBB61B7AA8FB005AA42B /* libLinearMath.a */,
				D96C02EF1AEB01DD00001936 /* libfreetype.a */,
				D92C60F71AE3E69D00FE2C33 /* libGLEW.a */,
				D96C02F01AEB01DD00001936 /* libpng16.a */,
				D9C259241B808DDC00A221C6 /* libpugixml.a */,
				D96C02F11AEB01DD00001936 /* libz.a */,
			);
			name = Libs;
			path = OSX/Libs;
			sourceTree = "<group>";
		};
		D949F3191AE5B2BF00318804 /* Input */ = {
			isa = PBXGroup;
			children = (
				D949F31C1AE5B2BF00318804 /* InputListener.h */,
				D949F31D1AE5B2BF00318804 /* Input.cpp */,
				D949F31E1AE5B2BF00318804 /* Input.h */,
			);
			path = Input;
			sourceTree = "<group>";
		};
		D949F3201AE5B2E100318804 /* Renderer */ = {
			isa = PBXGroup;
			children = (
				D96E8BA31B07EC7E00973D87 /* Camera.cpp */,
				D96E8BA41B07EC7E00973D87 /* Camera.h */,
				D96C02AB1AE84D5600001936 /* Color.h */,
				D9387BA31B2763A500713841 /* Mesh.cpp */,
				D9387BA41B2763A500713841 /* Mesh.h */,
				D9CD8F9F1B91CC7100B86866 /* Instanced.cpp */,
				D9CD8FA01B91CC7100B86866 /* Instanced.h */,
				D9DA787B1AFC0F77007A28AA /* Primitives2D.cpp */,
				D9DA787C1AFC0F77007A28AA /* Primitives2D.h */,
				D9F4DB2A1B7639E800523231 /* PrimitiveDefines.h */,
				D9F4DB311B76544500523231 /* Primitives3D.cpp */,
				D9F4DB321B76544500523231 /* Primitives3D.h */,
				D9DA78781AFC0A89007A28AA /* GLErrorUtil.cpp */,
				D9DA78791AFC0A89007A28AA /* GLErrorUtil.h */,
				D96E8BA81B07FE6C00973D87 /* MatrixUtil.cpp */,
				D96E8BA91B07FE6C00973D87 /* MatrixUtil.h */,
				D949F3211AE5B2E100318804 /* IRenderer.h */,
				D949F3221AE5B2E100318804 /* Renderer.cpp */,
				D949F3231AE5B2E100318804 /* Renderer.h */,
				D9CD8FA21B91D03E00B86866 /* IRenderComponent.h */,
				D9C16FE81AFF6E7100F66B19 /* Rect2D.cpp */,
				D9C16FE91AFF6E7100F66B19 /* Rect2D.h */,
				D96E8B9F1B07764700973D87 /* RenderDefines.h */,
				D9F4DB341B7656D900523231 /* RenderDataDefines.h */,
				D9150E551B6C2F9C00415F99 /* RenderUtils.h */,
				D9150E351B6BA14100415F99 /* PostProcess.cpp */,
				D9150E361B6BA14100415F99 /* PostProcess.h */,
				D9150E541B6C17FE00415F99 /* StencilUtils.h */,
				D9150E4D1B6BCDCA00415F99 /* Lighting */,
				D9150E4C1B6BCDBC00415F99 /* Shaders */,
				D9150E4B1B6BCDB500415F99 /* Textures */,
				D9150E4A1B6BCD9000415F99 /* Buffers */,
			);
			path = Renderer;
			sourceTree = "<group>";
		};
		D96C02A11AE84BB800001936 /* CommandProcessor */ = {
			isa = PBXGroup;
			children = (
				D96C02A31AE84BB800001936 /* CommandProcessor.cpp */,
				D96C02A41AE84BB800001936 /* CommandProcessor.h */,
			);
			path = CommandProcessor;
			sourceTree = "<group>";
		};
		D96C02A51AE84BB800001936 /* Console */ = {
			isa = PBXGroup;
			children = (
				D96C02A61AE84BB800001936 /* Console.cpp */,
				D96C02A71AE84BB800001936 /* Console.h */,
				D96C02A81AE84BB800001936 /* ConsoleVar.h */,
			);
			path = Console;
			sourceTree = "<group>";
		};
		D96C02AC1AE850EB00001936 /* SceneManager */ = {
			isa = PBXGroup;
			children = (
				D96C02AD1AE850EB00001936 /* Scene.cpp */,
				D96C02AE1AE850EB00001936 /* Scene.h */,
				D96C02AF1AE850EB00001936 /* SceneManager.cpp */,
				D96C02B01AE850EB00001936 /* SceneManager.h */,
			);
			path = SceneManager;
			sourceTree = "<group>";
		};
		D96C02B11AE850EB00001936 /* Utils */ = {
			isa = PBXGroup;
			children = (
				D9E31D4D1B8A3C3B00F3CB66 /* Base64.cpp */,
				D9E31D4E1B8A3C3B00F3CB66 /* Base64.h */,
				D96C02B21AE850EB00001936 /* FileUtil.cpp */,
				D96C02B31AE850EB00001936 /* FileUtil.h */,
				D96E8BA71B07EFAE00973D87 /* MathUtils.h */,
				D96C02B41AE850EB00001936 /* Random.cpp */,
				D96C02B51AE850EB00001936 /* Random.h */,
				D96C02B61AE850EB00001936 /* StringUtil.cpp */,
				D96C02B71AE850EB00001936 /* StringUtil.h */,
				D96C02B81AE850EB00001936 /* Timer.cpp */,
				D96C02B91AE850EB00001936 /* Timer.h */,
				D9FAFB981B7A6F15005AA42B /* RangeReverseAdapter.h */,
				D9FAFB991B7A79DE005AA42B /* ThreadSafeQueue.h */,
				D9FAFB9A1B7A7B00005AA42B /* ThreadSafeMap.h */,
			);
			path = Utils;
			sourceTree = "<group>";
		};
		D96C02DB1AEB01B700001936 /* Resources */ = {
			isa = PBXGroup;
			children = (
				D96C02DC1AEB01B700001936 /* Fonts */,
			);
			path = Resources;
			sourceTree = "<group>";
		};
		D96C02DC1AEB01B700001936 /* Fonts */ = {
			isa = PBXGroup;
			children = (
				D96C02DD1AEB01B700001936 /* Bentham.ttf */,
				D96C02DE1AEB01B700001936 /* ClearSans-Regular.ttf */,
				D96C02DF1AEB01B700001936 /* Cretino.ttf */,
				D96C02E01AEB01B700001936 /* HiLoDeco.ttf */,
				D96C02E11AEB01B700001936 /* IMFeENrm29P.ttf */,
				D96C02E21AEB01B700001936 /* IMFeENsc29P.ttf */,
				D96C02E31AEB01B700001936 /* Jura-Book.ttf */,
				D96C02E41AEB01B700001936 /* Orangeki.ttf */,
				D96C02E51AEB01B700001936 /* Segment14.otf */,
			);
			path = Fonts;
			sourceTree = "<group>";
		};
		D96DB94D1B68C1CE008E1DF5 /* SkyDome */ = {
			isa = PBXGroup;
			children = (
				D96DB94E1B68C1CE008E1DF5 /* SkyDome.cpp */,
				D96DB94F1B68C1CE008E1DF5 /* SkyDome.h */,
			);
			path = SkyDome;
			sourceTree = "<group>";
		};
		D97247311B7BB3BD009A40D1 /* Physics */ = {
			isa = PBXGroup;
			children = (
				D97247321B7BB3BD009A40D1 /* btFractureBody.cpp */,
				D97247331B7BB3BD009A40D1 /* btFractureBody.h */,
				D97247341B7BB3BD009A40D1 /* btFractureDynamicsWorld.cpp */,
				D97247351B7BB3BD009A40D1 /* btFractureDynamicsWorld.h */,
				D97247361B7BB3BD009A40D1 /* CollisionDispatcher.cpp */,
				D97247371B7BB3BD009A40D1 /* CollisionDispatcher.h */,
				D972473A1B7BB3BD009A40D1 /* Physics.cpp */,
				D972473B1B7BB3BD009A40D1 /* Physics.h */,
				D972473C1B7BB3BD009A40D1 /* PhysicsDebugDraw.cpp */,
				D972473D1B7BB3BD009A40D1 /* PhysicsDebugDraw.h */,
				D9047B241B7FC490001AA1CA /* PhysicsDefines.h */,
			);
			path = Physics;
			sourceTree = "<group>";
		};
		D9BC15051AE46089009B7ADE /* Core */ = {
			isa = PBXGroup;
			children = (
				D9E31D461B8A3B1200F3CB66 /* Particles */,
				D97247311B7BB3BD009A40D1 /* Physics */,
				D96C02A11AE84BB800001936 /* CommandProcessor */,
				D96C02A51AE84BB800001936 /* Console */,
				D9C16FEB1AFF6F4700F66B19 /* Dictionary */,
				D9FAFBBA1B7AABE4005AA42B /* Entities */,
				D9C16FD71AFF568200F66B19 /* GUI */,
				D949F3191AE5B2BF00318804 /* Input */,
				D949F3201AE5B2E100318804 /* Renderer */,
				D96C02AC1AE850EB00001936 /* SceneManager */,
				D9DA787E1AFC14DF007A28AA /* Shaders */,
				D96DB94D1B68C1CE008E1DF5 /* SkyDome */,
				D9C16FDB1AFF5DC900F66B19 /* Sprites */,
				D9DA786C1AFBF41A007A28AA /* Text */,
				D96C02B11AE850EB00001936 /* Utils */,
				D94BE2811AE464B20004EC98 /* HyperVisor.cpp */,
				D94BE2821AE464B20004EC98 /* HyperVisor.h */,
				D9BC15081AE46089009B7ADE /* Locator.cpp */,
				D9BC15091AE46089009B7ADE /* Locator.h */,
				D914EC0A1B137FE9004C2E74 /* ThreadPool.h */,
			);
			path = Core;
			sourceTree = "<group>";
		};
		D9C16FD71AFF568200F66B19 /* GUI */ = {
			isa = PBXGroup;
			children = (
				D9150E2E1B6A786000415F99 /* ButtonBehavior.cpp */,
				D9150E2F1B6A786000415F99 /* ButtonBehavior.h */,
				D94C676A1B791D7700E0039A /* TextInputBehavior.cpp */,
				D94C676B1B791D7700E0039A /* TextInputBehavior.h */,
				D96DB9471B68AFAD008E1DF5 /* GUIButton.cpp */,
				D96DB9481B68AFAD008E1DF5 /* GUIButton.h */,
				D9150E561B6C3DE700415F99 /* GUIButtonLabeled.cpp */,
				D9150E571B6C3DE700415F99 /* GUIButtonLabeled.h */,
				D9150E2D1B6A258400415F99 /* GUIConstants.h */,
				D93B339C1B028D13004AE04D /* GUIManager.cpp */,
				D93B339D1B028D13004AE04D /* GUIManager.h */,
				D9F7CC911B9CF78A00A3E377 /* GUIMenu.cpp */,
				D9E31D511B8A44EB00F3CB66 /* GUIMenu.h */,
				D9F4DB351B77F4CB00523231 /* GUITextInput.cpp */,
				D9F4DB361B77F4CB00523231 /* GUITextInput.h */,
				D9C16FD81AFF568200F66B19 /* GUIWidget.cpp */,
				D9C16FD91AFF568200F66B19 /* GUIWidget.h */,
				D9CD8FA31B92512100B86866 /* GUISlider.cpp */,
				D9CD8FA41B92512100B86866 /* GUISlider.h */,
				D9CD8FA71B9253A900B86866 /* SliderBehavior.h */,
				D9F3A5EA1B9C59A200E5F53B /* GUIList.cpp */,
				D9F3A5EB1B9C59A200E5F53B /* GUIList.h */,
			);
			path = GUI;
			sourceTree = "<group>";
		};
		D9C16FDB1AFF5DC900F66B19 /* Sprites */ = {
			isa = PBXGroup;
			children = (
				D9C16FDC1AFF5DC900F66B19 /* Sprite.cpp */,
				D9C16FDD1AFF5DC900F66B19 /* Sprite.h */,
				D9C16FDE1AFF5DC900F66B19 /* SpriteBatch.cpp */,
				D9C16FDF1AFF5DC900F66B19 /* SpriteBatch.h */,
			);
			path = Sprites;
			sourceTree = "<group>";
		};
		D9C16FEB1AFF6F4700F66B19 /* Dictionary */ = {
			isa = PBXGroup;
			children = (
				D9C16FEC1AFF6F4700F66B19 /* Dictionary.cpp */,
				D9C16FED1AFF6F4700F66B19 /* Dictionary.h */,
				D9C16FEE1AFF6F4700F66B19 /* DictionaryHelpers.h */,
			);
			path = Dictionary;
			sourceTree = "<group>";
		};
		D9C7562D1B8897A90048E4AC /* MainMenu */ = {
			isa = PBXGroup;
			children = (
				D9C7562E1B8897A90048E4AC /* MainMenu.cpp */,
				D9C7562F1B8897A90048E4AC /* MainMenu.h */,
			);
			path = MainMenu;
			sourceTree = "<group>";
		};
		D9C756311B8897B10048E4AC /* Planetoid */ = {
			isa = PBXGroup;
			children = (
				D9C756321B8897B10048E4AC /* Planetoid.cpp */,
				D9C756331B8897B10048E4AC /* Planetoid.h */,
			);
			path = Planetoid;
			sourceTree = "<group>";
		};
		D9C756351B8897DB0048E4AC /* Editor */ = {
			isa = PBXGroup;
			children = (
				D9C756361B8897DB0048E4AC /* Editor.cpp */,
				D9C756371B8897DB0048E4AC /* Editor.h */,
				D9E31D431B8A39EE00F3CB66 /* ParticleEditor.cpp */,
				D9E31D441B8A39EE00F3CB66 /* ParticleEditor.h */,
			);
			path = Editor;
			sourceTree = "<group>";
		};
		D9DA786C1AFBF41A007A28AA /* Text */ = {
			isa = PBXGroup;
			children = (
				D9DA786D1AFBF41A007A28AA /* FontAtlas.cpp */,
				D9DA786E1AFBF41A007A28AA /* FontAtlas.h */,
				D9DA786F1AFBF41A007A28AA /* IText.h */,
				D9DA78701AFBF41A007A28AA /* TextDefaults.h */,
				D9DA78711AFBF41A007A28AA /* TextManager.cpp */,
				D9DA78721AFBF41A007A28AA /* TextManager.h */,
				D919A8731B653143008EE9DE /* TextLabel.cpp */,
				D919A8741B653143008EE9DE /* TextLabel.h */,
				D9FD024D1B654F5F00B9DDD7 /* TextConstants.h */,
				D9FAFB9B1B7A95A4005AA42B /* TextConstants.cpp */,
			);
			path = Text;
			sourceTree = "<group>";
		};
		D9DA787E1AFC14DF007A28AA /* Shaders */ = {
			isa = PBXGroup;
			children = (
				D9F4DB2B1B763E1600523231 /* deferred_mesh_instanced.fsh */,
				D9F4DB2C1B763E1600523231 /* deferred_mesh_instanced.vsh */,
				D9CD8FB01B93898F00B86866 /* deferred_mesh_vColor_instanced.vsh */,
				D9387B9D1B27633100713841 /* deferred_mesh.fsh */,
				D9387B9E1B27633100713841 /* deferred_mesh.vsh */,
				D96DB9541B68C79B008E1DF5 /* deferred_sky_dome.fsh */,
				D96DB9551B68C79B008E1DF5 /* deferred_sky_dome.vsh */,
				D9150E3C1B6BAAAE00415F99 /* deferred_tex.fsh */,
				D9C16FF21AFFF22900F66B19 /* forward_color.fsh */,
				D9150E491B6BCD0800415F99 /* forward_depth_debug.fsh */,
				D9150E381B6BA95B00415F99 /* forward_fs_tex_uColor.fsh */,
				D9150E481B6BCC9F00415F99 /* forward_fs_tex.vsh */,
				D9150E501B6C0CB800415F99 /* forward_fs_uColor.fsh */,
				D9150E511B6C0CB800415F99 /* forward_fs.vsh */,
				D9150E311B6B985B00415F99 /* forward_FXAA.fsh */,
				D9150E321B6B985B00415F99 /* forward_FXAA.vsh */,
				D9150E441B6BB5C200415F99 /* forward_light_pass.fsh */,
				D9150E451B6BB5C200415F99 /* forward_light_pass.vsh */,
				D9C16FF31AFFF22900F66B19 /* forward_tex_color.fsh */,
				D9C16FF41AFFF22900F66B19 /* forward_vColor.vsh */,
				D9C16FF51AFFF22900F66B19 /* forward_vTex_uColor.vsh */,
			);
			path = Shaders;
			sourceTree = "<group>";
		};
		D9E31D461B8A3B1200F3CB66 /* Particles */ = {
			isa = PBXGroup;
			children = (
				D9E31D471B8A3B1200F3CB66 /* Particles.cpp */,
				D9E31D481B8A3B1200F3CB66 /* Particles.h */,
				D9E31D491B8A3B1200F3CB66 /* ParticleSys.cpp */,
				D9E31D4A1B8A3B1200F3CB66 /* ParticleSys.h */,
			);
			path = Particles;
			sourceTree = "<group>";
		};
		D9FAFBBA1B7AABE4005AA42B /* Entities */ = {
			isa = PBXGroup;
			children = (
				D9FAFBBB1B7AABE4005AA42B /* Attribute.h */,
				D9FAFBBC1B7AABE4005AA42B /* Entity.cpp */,
				D9FAFBBD1B7AABE4005AA42B /* Entity.h */,
				D9FAFBBE1B7AABE4005AA42B /* EntityComponent.h */,
				D9FAFBC01B7AAD54005AA42B /* EntityDefines.h */,
			);
			path = Entities;
			sourceTree = "<group>";
		};
		D9FAFBC11B7AAE64005AA42B /* Entities */ = {
			isa = PBXGroup;
			children = (
				D9FAFBC21B7AAE64005AA42B /* ActorComponent.cpp */,
				D9FAFBC31B7AAE64005AA42B /* ActorComponent.h */,
				D9FAFBC41B7AAE64005AA42B /* CubeComponent.cpp */,
				D9FAFBC51B7AAE64005AA42B /* CubeComponent.h */,
				D9FAFBC61B7AAE64005AA42B /* EntityManager.cpp */,
				D9FAFBC71B7AAE64005AA42B /* EntityManager.h */,
				D9FAFBC81B7AAE64005AA42B /* ExplosiveComponent.cpp */,
				D9FAFBC91B7AAE64005AA42B /* ExplosiveComponent.h */,
				D9FAFBCA1B7AAE64005AA42B /* HealthComponent.cpp */,
				D9FAFBCB1B7AAE64005AA42B /* HealthComponent.h */,
				D9FAFBCC1B7AAE64005AA42B /* HumanoidComponent.cpp */,
				D9FAFBCD1B7AAE64005AA42B /* HumanoidComponent.h */,
				D9FAFBCE1B7AAE64005AA42B /* InventoryComponent.cpp */,
				D9FAFBCF1B7AAE64005AA42B /* InventoryComponent.h */,
				D9FAFBD01B7AAE64005AA42B /* ItemComponent.cpp */,
				D9FAFBD11B7AAE64005AA42B /* ItemComponent.h */,
				D9FAFBD21B7AAE64005AA42B /* Light3DComponent.cpp */,
				D9FAFBD31B7AAE64005AA42B /* Light3DComponent.h */,
				D9FAFBD41B7AAE64005AA42B /* ParticleComponent.cpp */,
				D9FAFBD51B7AAE64005AA42B /* ParticleComponent.h */,
				D9FAFBD61B7AAE64005AA42B /* PhysicsComponent.cpp */,
				D9FAFBD71B7AAE64005AA42B /* PhysicsComponent.h */,
				D97247441B7BBFB0009A40D1 /* ItemDefines.h */,
			);
			path = Entities;
			sourceTree = "<group>";
		};
/* End PBXGroup section */

/* Begin PBXNativeTarget section */
		D90CE5E11AE3DD5B009F05EB /* DungeonSmith */ = {
			isa = PBXNativeTarget;
			buildConfigurationList = D90CE6131AE3DD5C009F05EB /* Build configuration list for PBXNativeTarget "DungeonSmith" */;
			buildPhases = (
				D90CE5DE1AE3DD5B009F05EB /* Sources */,
				D90CE5DF1AE3DD5B009F05EB /* Frameworks */,
				D90CE5E01AE3DD5B009F05EB /* Resources */,
				D90CE61E1AE3DFE6009F05EB /* CopyFiles */,
				D9CBADEE1AF9767E0017917C /* CopyFiles */,
				D9DA78831AFC14FC007A28AA /* CopyFiles */,
			);
			buildRules = (
			);
			dependencies = (
			);
			name = DungeonSmith;
			productName = DungeonSmith;
			productReference = D90CE5E21AE3DD5B009F05EB /* DungeonSmith.app */;
			productType = "com.apple.product-type.application";
		};
/* End PBXNativeTarget section */

/* Begin PBXProject section */
		D90CE5DA1AE3DD5B009F05EB /* Project object */ = {
			isa = PBXProject;
			attributes = {
				LastUpgradeCheck = 0510;
				ORGANIZATIONNAME = "The Drudgerist";
			};
			buildConfigurationList = D90CE5DD1AE3DD5B009F05EB /* Build configuration list for PBXProject "DungeonSmith" */;
			compatibilityVersion = "Xcode 3.2";
			developmentRegion = English;
			hasScannedForEncodings = 0;
			knownRegions = (
				en,
				Base,
			);
			mainGroup = D90CE5D91AE3DD5B009F05EB;
			productRefGroup = D90CE5E31AE3DD5B009F05EB /* Products */;
			projectDirPath = "";
			projectRoot = "";
			targets = (
				D90CE5E11AE3DD5B009F05EB /* DungeonSmith */,
			);
		};
/* End PBXProject section */

/* Begin PBXResourcesBuildPhase section */
		D90CE5E01AE3DD5B009F05EB /* Resources */ = {
			isa = PBXResourcesBuildPhase;
			buildActionMask = 2147483647;
			files = (
				D90CE5F01AE3DD5C009F05EB /* InfoPlist.strings in Resources */,
				D9387B9F1B27633100713841 /* deferred_mesh.fsh in Resources */,
				D90CE5FE1AE3DD5C009F05EB /* Images.xcassets in Resources */,
				D90CE5F61AE3DD5C009F05EB /* Credits.rtf in Resources */,
				D9387BA01B27633100713841 /* deferred_mesh.vsh in Resources */,
			);
			runOnlyForDeploymentPostprocessing = 0;
		};
/* End PBXResourcesBuildPhase section */

/* Begin PBXSourcesBuildPhase section */
		D90CE5DE1AE3DD5B009F05EB /* Sources */ = {
			isa = PBXSourcesBuildPhase;
			buildActionMask = 2147483647;
			files = (
				D96DB9501B68C1CE008E1DF5 /* SkyDome.cpp in Sources */,
				D972473E1B7BB3BD009A40D1 /* btFractureBody.cpp in Sources */,
				D96C02BE1AE850EB00001936 /* StringUtil.cpp in Sources */,
				D96E8BAA1B07FE6C00973D87 /* MatrixUtil.cpp in Sources */,
				D972473F1B7BB3BD009A40D1 /* btFractureDynamicsWorld.cpp in Sources */,
				D9150E5B1B6CECCC00415F99 /* BlockSet.cpp in Sources */,
				D9FAFBDF1B7AAE64005AA42B /* ItemComponent.cpp in Sources */,
				D9387BA51B2763A500713841 /* Mesh.cpp in Sources */,
				D9FAFBDC1B7AAE64005AA42B /* HealthComponent.cpp in Sources */,
				D9E31D451B8A39EE00F3CB66 /* ParticleEditor.cpp in Sources */,
				D97247431B7BB3BD009A40D1 /* PhysicsDebugDraw.cpp in Sources */,
				D9FAFBDA1B7AAE64005AA42B /* EntityManager.cpp in Sources */,
				D90D62B21B04BA9F0076B311 /* LocalGame.cpp in Sources */,
				D90D62B51B04E08B0076B311 /* World.cpp in Sources */,
				D90D62AE1B04BA3C0076B311 /* Chunk.cpp in Sources */,
				D9DA787A1AFC0A89007A28AA /* GLErrorUtil.cpp in Sources */,
				D96FEC3E1B91B4940014D518 /* DynamicCubes.cpp in Sources */,
				D9C16FE11AFF5DC900F66B19 /* SpriteBatch.cpp in Sources */,
				D96C02BA1AE850EB00001936 /* Scene.cpp in Sources */,
				D9E31D4C1B8A3B1200F3CB66 /* ParticleSys.cpp in Sources */,
				D94C676C1B791D7700E0039A /* TextInputBehavior.cpp in Sources */,
				D96C02BF1AE850EB00001936 /* Timer.cpp in Sources */,
				D9C16FEA1AFF6E7100F66B19 /* Rect2D.cpp in Sources */,
				D949F3241AE5B2E100318804 /* Renderer.cpp in Sources */,
				D96C02D01AEAE49900001936 /* ShaderFactory.cpp in Sources */,
				D9CD8FA11B91CC7100B86866 /* Instanced.cpp in Sources */,
				D9150E421B6BB26100415F99 /* Light3D.cpp in Sources */,
				D9C16FEF1AFF6F4700F66B19 /* Dictionary.cpp in Sources */,
				D9FAFBBF1B7AABE4005AA42B /* Entity.cpp in Sources */,
				D9C756301B8897A90048E4AC /* MainMenu.cpp in Sources */,
				D96E8BA51B07EC7E00973D87 /* Camera.cpp in Sources */,
				D9E31D4B1B8A3B1200F3CB66 /* Particles.cpp in Sources */,
				D9FAFBD91B7AAE64005AA42B /* CubeComponent.cpp in Sources */,
				D93B339E1B028D13004AE04D /* GUIManager.cpp in Sources */,
				D9E31D4F1B8A3C3B00F3CB66 /* Base64.cpp in Sources */,
				D9FAFBD81B7AAE64005AA42B /* ActorComponent.cpp in Sources */,
				D9C16FE01AFF5DC900F66B19 /* Sprite.cpp in Sources */,
				D96C02CF1AEAE49900001936 /* Shader.cpp in Sources */,
				D94BE2851AE464B20004EC98 /* HyperVisor.cpp in Sources */,
				D9FAFB9C1B7A95A4005AA42B /* TextConstants.cpp in Sources */,
				D9150E371B6BA14100415F99 /* PostProcess.cpp in Sources */,
				D96C02AA1AE84BB800001936 /* Console.cpp in Sources */,
				D9C16FDA1AFF568200F66B19 /* GUIWidget.cpp in Sources */,
				D9DA787D1AFC0F77007A28AA /* Primitives2D.cpp in Sources */,
				D96C02A91AE84BB800001936 /* CommandProcessor.cpp in Sources */,
				D9C16FE71AFF68CE00F66B19 /* TextureManager.cpp in Sources */,
				D96C02BB1AE850EB00001936 /* SceneManager.cpp in Sources */,
				D9F7CC921B9CF78A00A3E377 /* GUIMenu.cpp in Sources */,
				D96DB9491B68AFAD008E1DF5 /* GUIButton.cpp in Sources */,
				D9150E431B6BB26100415F99 /* LightSystem3D.cpp in Sources */,
				D9F4DB331B76544500523231 /* Primitives3D.cpp in Sources */,
				D9F4DB371B77F4CB00523231 /* GUITextInput.cpp in Sources */,
				D919A8751B653143008EE9DE /* TextLabel.cpp in Sources */,
				D949F31F1AE5B2BF00318804 /* Input.cpp in Sources */,
				D96E8BAD1B08011A00973D87 /* GBuffer.cpp in Sources */,
				D9DA78741AFBF41A007A28AA /* TextManager.cpp in Sources */,
				D9FAFBDB1B7AAE64005AA42B /* ExplosiveComponent.cpp in Sources */,
				D9FAFBE21B7AAE64005AA42B /* PhysicsComponent.cpp in Sources */,
				D9FAFBE01B7AAE64005AA42B /* Light3DComponent.cpp in Sources */,
				D97247421B7BB3BD009A40D1 /* Physics.cpp in Sources */,
				D96C02BD1AE850EB00001936 /* Random.cpp in Sources */,
				D9FAFBDD1B7AAE64005AA42B /* HumanoidComponent.cpp in Sources */,
				D9CD8FA51B92512100B86866 /* GUISlider.cpp in Sources */,
				D9FAFBE11B7AAE64005AA42B /* ParticleComponent.cpp in Sources */,
				D9150E5E1B6D3A5F00415F99 /* ChunkManager.cpp in Sources */,
				D9FAFBDE1B7AAE64005AA42B /* InventoryComponent.cpp in Sources */,
				D9150E301B6A786000415F99 /* ButtonBehavior.cpp in Sources */,
				D9C756381B8897DB0048E4AC /* Editor.cpp in Sources */,
				D96C02BC1AE850EB00001936 /* FileUtil.cpp in Sources */,
				D9DA78731AFBF41A007A28AA /* FontAtlas.cpp in Sources */,
				D9C16FE61AFF68CE00F66B19 /* Texture.cpp in Sources */,
				D97247401B7BB3BD009A40D1 /* CollisionDispatcher.cpp in Sources */,
				D9150E581B6C3DE700415F99 /* GUIButtonLabeled.cpp in Sources */,
				D9F3A5EC1B9C59A200E5F53B /* GUIList.cpp in Sources */,
				D9BC15111AE46089009B7ADE /* Locator.cpp in Sources */,
				D9C756341B8897B10048E4AC /* Planetoid.cpp in Sources */,
				D90CE61B1AE3DEE5009F05EB /* main.cpp in Sources */,
			);
			runOnlyForDeploymentPostprocessing = 0;
		};
/* End PBXSourcesBuildPhase section */

/* Begin PBXVariantGroup section */
		D90CE5EE1AE3DD5C009F05EB /* InfoPlist.strings */ = {
			isa = PBXVariantGroup;
			children = (
				D90CE5EF1AE3DD5C009F05EB /* en */,
			);
			name = InfoPlist.strings;
			sourceTree = "<group>";
		};
		D90CE5F41AE3DD5C009F05EB /* Credits.rtf */ = {
			isa = PBXVariantGroup;
			children = (
				D90CE5F51AE3DD5C009F05EB /* en */,
			);
			name = Credits.rtf;
			sourceTree = "<group>";
		};
/* End PBXVariantGroup section */

/* Begin XCBuildConfiguration section */
		D90CE6111AE3DD5C009F05EB /* Debug */ = {
			isa = XCBuildConfiguration;
			buildSettings = {
				ALWAYS_SEARCH_USER_PATHS = NO;
				CLANG_CXX_LANGUAGE_STANDARD = "gnu++0x";
				CLANG_CXX_LIBRARY = "libc++";
				CLANG_ENABLE_MODULES = YES;
				CLANG_ENABLE_OBJC_ARC = YES;
				CLANG_WARN_BOOL_CONVERSION = YES;
				CLANG_WARN_CONSTANT_CONVERSION = YES;
				CLANG_WARN_DIRECT_OBJC_ISA_USAGE = YES_ERROR;
				CLANG_WARN_EMPTY_BODY = YES;
				CLANG_WARN_ENUM_CONVERSION = YES;
				CLANG_WARN_INT_CONVERSION = YES;
				CLANG_WARN_OBJC_ROOT_CLASS = YES_ERROR;
				CLANG_WARN__DUPLICATE_METHOD_MATCH = YES;
				COPY_PHASE_STRIP = NO;
				GCC_C_LANGUAGE_STANDARD = gnu99;
				GCC_DYNAMIC_NO_PIC = NO;
				GCC_ENABLE_OBJC_EXCEPTIONS = YES;
				GCC_OPTIMIZATION_LEVEL = 0;
				GCC_PREPROCESSOR_DEFINITIONS = (
					"DEBUG=1",
					"$(inherited)",
				);
				GCC_SYMBOLS_PRIVATE_EXTERN = NO;
				GCC_WARN_64_TO_32_BIT_CONVERSION = YES;
				GCC_WARN_ABOUT_RETURN_TYPE = YES_ERROR;
				GCC_WARN_UNDECLARED_SELECTOR = YES;
				GCC_WARN_UNINITIALIZED_AUTOS = YES_AGGRESSIVE;
				GCC_WARN_UNUSED_FUNCTION = YES;
				GCC_WARN_UNUSED_VARIABLE = YES;
				MACOSX_DEPLOYMENT_TARGET = 10.9;
				ONLY_ACTIVE_ARCH = YES;
				SDKROOT = macosx;
			};
			name = Debug;
		};
		D90CE6121AE3DD5C009F05EB /* Release */ = {
			isa = XCBuildConfiguration;
			buildSettings = {
				ALWAYS_SEARCH_USER_PATHS = NO;
				CLANG_CXX_LANGUAGE_STANDARD = "gnu++0x";
				CLANG_CXX_LIBRARY = "libc++";
				CLANG_ENABLE_MODULES = YES;
				CLANG_ENABLE_OBJC_ARC = YES;
				CLANG_WARN_BOOL_CONVERSION = YES;
				CLANG_WARN_CONSTANT_CONVERSION = YES;
				CLANG_WARN_DIRECT_OBJC_ISA_USAGE = YES_ERROR;
				CLANG_WARN_EMPTY_BODY = YES;
				CLANG_WARN_ENUM_CONVERSION = YES;
				CLANG_WARN_INT_CONVERSION = YES;
				CLANG_WARN_OBJC_ROOT_CLASS = YES_ERROR;
				CLANG_WARN__DUPLICATE_METHOD_MATCH = YES;
				COPY_PHASE_STRIP = YES;
				DEBUG_INFORMATION_FORMAT = "dwarf-with-dsym";
				ENABLE_NS_ASSERTIONS = NO;
				GCC_C_LANGUAGE_STANDARD = gnu99;
				GCC_ENABLE_OBJC_EXCEPTIONS = YES;
				GCC_WARN_64_TO_32_BIT_CONVERSION = YES;
				GCC_WARN_ABOUT_RETURN_TYPE = YES_ERROR;
				GCC_WARN_UNDECLARED_SELECTOR = YES;
				GCC_WARN_UNINITIALIZED_AUTOS = YES_AGGRESSIVE;
				GCC_WARN_UNUSED_FUNCTION = YES;
				GCC_WARN_UNUSED_VARIABLE = YES;
				MACOSX_DEPLOYMENT_TARGET = 10.9;
				SDKROOT = macosx;
			};
			name = Release;
		};
		D90CE6141AE3DD5C009F05EB /* Debug */ = {
			isa = XCBuildConfiguration;
			buildSettings = {
				ALWAYS_SEARCH_USER_PATHS = YES;
				ASSETCATALOG_COMPILER_APPICON_NAME = AppIcon;
				COMBINE_HIDPI_IMAGES = YES;
				FRAMEWORK_SEARCH_PATHS = (
					"$(inherited)",
					"$(PROJECT_DIR)/OSX/Frameworks",
				);
				INFOPLIST_FILE = "OSX/DungeonSmith-Info.plist";
				LD_RUNPATH_SEARCH_PATHS = "@executable_path/../Frameworks";
				LIBRARY_SEARCH_PATHS = (
					"$(inherited)",
					"$(PROJECT_DIR)/OSX/Libs",
					"$(PROJECT_DIR)/OSX/Frameworks",
				);
				PRODUCT_NAME = "$(TARGET_NAME)";
				USER_HEADER_SEARCH_PATHS = "$(SRCROOT)/Include/**";
				WRAPPER_EXTENSION = app;
			};
			name = Debug;
		};
		D90CE6151AE3DD5C009F05EB /* Release */ = {
			isa = XCBuildConfiguration;
			buildSettings = {
				ALWAYS_SEARCH_USER_PATHS = YES;
				ASSETCATALOG_COMPILER_APPICON_NAME = AppIcon;
				COMBINE_HIDPI_IMAGES = YES;
				FRAMEWORK_SEARCH_PATHS = (
					"$(inherited)",
					"$(PROJECT_DIR)/OSX/Frameworks",
				);
				INFOPLIST_FILE = "OSX/DungeonSmith-Info.plist";
				LD_RUNPATH_SEARCH_PATHS = "@executable_path/../Frameworks";
				LIBRARY_SEARCH_PATHS = (
					"$(inherited)",
					"$(PROJECT_DIR)/OSX/Libs",
					"$(PROJECT_DIR)/OSX/Frameworks",
				);
				PRODUCT_NAME = "$(TARGET_NAME)";
				USER_HEADER_SEARCH_PATHS = "$(SRCROOT)/Include/**";
				WRAPPER_EXTENSION = app;
			};
			name = Release;
		};
/* End XCBuildConfiguration section */

/* Begin XCConfigurationList section */
		D90CE5DD1AE3DD5B009F05EB /* Build configuration list for PBXProject "DungeonSmith" */ = {
			isa = XCConfigurationList;
			buildConfigurations = (
				D90CE6111AE3DD5C009F05EB /* Debug */,
				D90CE6121AE3DD5C009F05EB /* Release */,
			);
			defaultConfigurationIsVisible = 0;
			defaultConfigurationName = Release;
		};
		D90CE6131AE3DD5C009F05EB /* Build configuration list for PBXNativeTarget "DungeonSmith" */ = {
			isa = XCConfigurationList;
			buildConfigurations = (
				D90CE6141AE3DD5C009F05EB /* Debug */,
				D90CE6151AE3DD5C009F05EB /* Release */,
			);
			defaultConfigurationIsVisible = 0;
			defaultConfigurationName = Release;
		};
/* End XCConfigurationList section */
	};
	rootObject = D90CE5DA1AE3DD5B009F05EB /* Project object */;
}
